// !$*UTF8*$!
{
	archiveVersion = 1;
	classes = {
	};
	objectVersion = 46;
	objects = {

/* Begin PBXBuildFile section */
		3008E5561BB2864300A865FC /* Images.xcassets in Resources */ = {isa = PBXBuildFile; fileRef = 3008E5551BB2864300A865FC /* Images.xcassets */; };
		3008E5591BB2864300A865FC /* LaunchScreen.xib in Resources */ = {isa = PBXBuildFile; fileRef = 3008E5571BB2864300A865FC /* LaunchScreen.xib */; };
		3008E5651BB2864400A865FC /* zhiHu2_0Tests.m in Sources */ = {isa = PBXBuildFile; fileRef = 3008E5641BB2864400A865FC /* zhiHu2_0Tests.m */; };
		3008E5C81BB290A800A865FC /* XSHomeController.m in Sources */ = {isa = PBXBuildFile; fileRef = 3008E5AF1BB290A800A865FC /* XSHomeController.m */; };
		3008E5C91BB290A800A865FC /* AppDelegate.m in Sources */ = {isa = PBXBuildFile; fileRef = 3008E5B91BB290A800A865FC /* AppDelegate.m */; };
		3008E5CA1BB290A800A865FC /* main.m in Sources */ = {isa = PBXBuildFile; fileRef = 3008E5BA1BB290A800A865FC /* main.m */; };
		3008E5CB1BB290A800A865FC /* UIImage+Image.m in Sources */ = {isa = PBXBuildFile; fileRef = 3008E5BC1BB290A800A865FC /* UIImage+Image.m */; };
		3008E5CC1BB290A800A865FC /* UIView+Frame.m in Sources */ = {isa = PBXBuildFile; fileRef = 3008E5BE1BB290A800A865FC /* UIView+Frame.m */; };
		3008E5D11BB2916E00A865FC /* XSNavigationController.m in Sources */ = {isa = PBXBuildFile; fileRef = 3008E5D01BB2916E00A865FC /* XSNavigationController.m */; };
		3008E5D41BB293DF00A865FC /* XSSettingController.m in Sources */ = {isa = PBXBuildFile; fileRef = 3008E5D31BB293DF00A865FC /* XSSettingController.m */; };
		3008E5D71BB2A0CA00A865FC /* XSFavouriteController.m in Sources */ = {isa = PBXBuildFile; fileRef = 3008E5D61BB2A0CA00A865FC /* XSFavouriteController.m */; };
		3008E5DD1BB2A6BB00A865FC /* UIBarButtonItem+XSNaviItem.m in Sources */ = {isa = PBXBuildFile; fileRef = 3008E5DC1BB2A6BB00A865FC /* UIBarButtonItem+XSNaviItem.m */; };
		3008E5DF1BB2C34D00A865FC /* setting.plist in Resources */ = {isa = PBXBuildFile; fileRef = 3008E5DE1BB2C34D00A865FC /* setting.plist */; };
		3008E5E21BB2C53C00A865FC /* XSSetting.m in Sources */ = {isa = PBXBuildFile; fileRef = 3008E5E11BB2C53C00A865FC /* XSSetting.m */; };
		3008E6371BB2CFE500A865FC /* AFHTTPRequestOperation.m in Sources */ = {isa = PBXBuildFile; fileRef = 3008E5EC1BB2CFE500A865FC /* AFHTTPRequestOperation.m */; };
		3008E6381BB2CFE500A865FC /* AFHTTPRequestOperationManager.m in Sources */ = {isa = PBXBuildFile; fileRef = 3008E5EE1BB2CFE500A865FC /* AFHTTPRequestOperationManager.m */; };
		3008E6391BB2CFE500A865FC /* AFHTTPSessionManager.m in Sources */ = {isa = PBXBuildFile; fileRef = 3008E5F01BB2CFE500A865FC /* AFHTTPSessionManager.m */; };
		3008E63A1BB2CFE500A865FC /* AFNetworkReachabilityManager.m in Sources */ = {isa = PBXBuildFile; fileRef = 3008E5F31BB2CFE500A865FC /* AFNetworkReachabilityManager.m */; };
		3008E63B1BB2CFE500A865FC /* AFSecurityPolicy.m in Sources */ = {isa = PBXBuildFile; fileRef = 3008E5F51BB2CFE500A865FC /* AFSecurityPolicy.m */; };
		3008E63C1BB2CFE500A865FC /* AFURLConnectionOperation.m in Sources */ = {isa = PBXBuildFile; fileRef = 3008E5F71BB2CFE500A865FC /* AFURLConnectionOperation.m */; };
		3008E63D1BB2CFE500A865FC /* AFURLRequestSerialization.m in Sources */ = {isa = PBXBuildFile; fileRef = 3008E5F91BB2CFE500A865FC /* AFURLRequestSerialization.m */; };
		3008E63E1BB2CFE500A865FC /* AFURLResponseSerialization.m in Sources */ = {isa = PBXBuildFile; fileRef = 3008E5FB1BB2CFE500A865FC /* AFURLResponseSerialization.m */; };
		3008E63F1BB2CFE500A865FC /* AFURLSessionManager.m in Sources */ = {isa = PBXBuildFile; fileRef = 3008E5FD1BB2CFE500A865FC /* AFURLSessionManager.m */; };
		3008E6401BB2CFE500A865FC /* MBProgressHUD+Extend.m in Sources */ = {isa = PBXBuildFile; fileRef = 3008E6001BB2CFE500A865FC /* MBProgressHUD+Extend.m */; };
		3008E6411BB2CFE500A865FC /* MBProgressHUD.bundle in Resources */ = {isa = PBXBuildFile; fileRef = 3008E6011BB2CFE500A865FC /* MBProgressHUD.bundle */; };
		3008E6421BB2CFE500A865FC /* MBProgressHUD.m in Sources */ = {isa = PBXBuildFile; fileRef = 3008E6031BB2CFE500A865FC /* MBProgressHUD.m */; };
		3008E6431BB2CFE500A865FC /* MJConst.m in Sources */ = {isa = PBXBuildFile; fileRef = 3008E6061BB2CFE500A865FC /* MJConst.m */; };
		3008E6441BB2CFE500A865FC /* MJFoundation.m in Sources */ = {isa = PBXBuildFile; fileRef = 3008E6091BB2CFE500A865FC /* MJFoundation.m */; };
		3008E6451BB2CFE500A865FC /* MJIvar.m in Sources */ = {isa = PBXBuildFile; fileRef = 3008E60B1BB2CFE500A865FC /* MJIvar.m */; };
		3008E6461BB2CFE500A865FC /* MJType.m in Sources */ = {isa = PBXBuildFile; fileRef = 3008E60D1BB2CFE500A865FC /* MJType.m */; };
		3008E6471BB2CFE500A865FC /* NSObject+MJCoding.m in Sources */ = {isa = PBXBuildFile; fileRef = 3008E60F1BB2CFE500A865FC /* NSObject+MJCoding.m */; };
		3008E6481BB2CFE500A865FC /* NSObject+MJIvar.m in Sources */ = {isa = PBXBuildFile; fileRef = 3008E6111BB2CFE500A865FC /* NSObject+MJIvar.m */; };
		3008E6491BB2CFE500A865FC /* NSObject+MJKeyValue.m in Sources */ = {isa = PBXBuildFile; fileRef = 3008E6131BB2CFE500A865FC /* NSObject+MJKeyValue.m */; };
		3008E64A1BB2CFE500A865FC /* MJRefresh.bundle in Resources */ = {isa = PBXBuildFile; fileRef = 3008E6151BB2CFE500A865FC /* MJRefresh.bundle */; };
		3008E64B1BB2CFE500A865FC /* MJRefreshBaseView.m in Sources */ = {isa = PBXBuildFile; fileRef = 3008E6181BB2CFE500A865FC /* MJRefreshBaseView.m */; };
		3008E64C1BB2CFE500A865FC /* MJRefreshConst.m in Sources */ = {isa = PBXBuildFile; fileRef = 3008E61A1BB2CFE500A865FC /* MJRefreshConst.m */; };
		3008E64D1BB2CFE500A865FC /* MJRefreshFooterView.m in Sources */ = {isa = PBXBuildFile; fileRef = 3008E61C1BB2CFE500A865FC /* MJRefreshFooterView.m */; };
		3008E64E1BB2CFE500A865FC /* MJRefreshHeaderView.m in Sources */ = {isa = PBXBuildFile; fileRef = 3008E61E1BB2CFE500A865FC /* MJRefreshHeaderView.m */; };
		3008E64F1BB2CFE500A865FC /* UIScrollView+MJExtension.m in Sources */ = {isa = PBXBuildFile; fileRef = 3008E6201BB2CFE500A865FC /* UIScrollView+MJExtension.m */; };
		3008E6501BB2CFE500A865FC /* UIScrollView+MJRefresh.m in Sources */ = {isa = PBXBuildFile; fileRef = 3008E6221BB2CFE500A865FC /* UIScrollView+MJRefresh.m */; };
		3008E6511BB2CFE500A865FC /* UIView+MJExtension.m in Sources */ = {isa = PBXBuildFile; fileRef = 3008E6241BB2CFE500A865FC /* UIView+MJExtension.m */; };
		3008E6521BB2CFE500A865FC /* NSData+SDDataCache.m in Sources */ = {isa = PBXBuildFile; fileRef = 3008E6271BB2CFE500A865FC /* NSData+SDDataCache.m */; };
		3008E6531BB2CFE500A865FC /* TAAbstractDotView.m in Sources */ = {isa = PBXBuildFile; fileRef = 3008E62A1BB2CFE500A865FC /* TAAbstractDotView.m */; };
		3008E6541BB2CFE500A865FC /* TAAnimatedDotView.m in Sources */ = {isa = PBXBuildFile; fileRef = 3008E62C1BB2CFE500A865FC /* TAAnimatedDotView.m */; };
		3008E6551BB2CFE500A865FC /* TADotView.m in Sources */ = {isa = PBXBuildFile; fileRef = 3008E62E1BB2CFE500A865FC /* TADotView.m */; };
		3008E6561BB2CFE500A865FC /* TAPageControl.m in Sources */ = {isa = PBXBuildFile; fileRef = 3008E6301BB2CFE500A865FC /* TAPageControl.m */; };
		3008E6571BB2CFE500A865FC /* SDCollectionViewCell.m in Sources */ = {isa = PBXBuildFile; fileRef = 3008E6321BB2CFE500A865FC /* SDCollectionViewCell.m */; };
		3008E6581BB2CFE500A865FC /* SDCycleScrollView.m in Sources */ = {isa = PBXBuildFile; fileRef = 3008E6341BB2CFE500A865FC /* SDCycleScrollView.m */; };
		3008E6591BB2CFE500A865FC /* UIView+SDExtension.m in Sources */ = {isa = PBXBuildFile; fileRef = 3008E6361BB2CFE500A865FC /* UIView+SDExtension.m */; };
		3008E65C1BB2D44400A865FC /* XSResult.m in Sources */ = {isa = PBXBuildFile; fileRef = 3008E65B1BB2D44400A865FC /* XSResult.m */; };
		3008E65F1BB2D50D00A865FC /* XSStories.m in Sources */ = {isa = PBXBuildFile; fileRef = 3008E65E1BB2D50D00A865FC /* XSStories.m */; };
		3008E6621BB2D51F00A865FC /* XSTopStories.m in Sources */ = {isa = PBXBuildFile; fileRef = 3008E6611BB2D51F00A865FC /* XSTopStories.m */; };
		3008E6691BB3B65F00A865FC /* XSAboutController.m in Sources */ = {isa = PBXBuildFile; fileRef = 3008E6681BB3B65F00A865FC /* XSAboutController.m */; };
		3008E66C1BB3B7F000A865FC /* XSDonateController.m in Sources */ = {isa = PBXBuildFile; fileRef = 3008E66B1BB3B7F000A865FC /* XSDonateController.m */; };
		3008E66F1BB3BB3E00A865FC /* XSStoriesCell.m in Sources */ = {isa = PBXBuildFile; fileRef = 3008E66E1BB3BB3E00A865FC /* XSStoriesCell.m */; };
		3008E6921BB3BEE100A865FC /* MKAnnotationView+WebCache.m in Sources */ = {isa = PBXBuildFile; fileRef = 3008E6721BB3BEE100A865FC /* MKAnnotationView+WebCache.m */; };
		3008E6931BB3BEE100A865FC /* NSData+ImageContentType.m in Sources */ = {isa = PBXBuildFile; fileRef = 3008E6741BB3BEE100A865FC /* NSData+ImageContentType.m */; };
		3008E6941BB3BEE100A865FC /* SDImageCache.m in Sources */ = {isa = PBXBuildFile; fileRef = 3008E6761BB3BEE100A865FC /* SDImageCache.m */; };
		3008E6951BB3BEE100A865FC /* SDWebImageCompat.m in Sources */ = {isa = PBXBuildFile; fileRef = 3008E6781BB3BEE100A865FC /* SDWebImageCompat.m */; };
		3008E6961BB3BEE100A865FC /* SDWebImageDecoder.m in Sources */ = {isa = PBXBuildFile; fileRef = 3008E67A1BB3BEE100A865FC /* SDWebImageDecoder.m */; };
		3008E6971BB3BEE100A865FC /* SDWebImageDownloader.m in Sources */ = {isa = PBXBuildFile; fileRef = 3008E67C1BB3BEE100A865FC /* SDWebImageDownloader.m */; };
		3008E6981BB3BEE100A865FC /* SDWebImageDownloaderOperation.m in Sources */ = {isa = PBXBuildFile; fileRef = 3008E67E1BB3BEE100A865FC /* SDWebImageDownloaderOperation.m */; };
		3008E6991BB3BEE100A865FC /* SDWebImageManager.m in Sources */ = {isa = PBXBuildFile; fileRef = 3008E6801BB3BEE100A865FC /* SDWebImageManager.m */; };
		3008E69A1BB3BEE100A865FC /* SDWebImagePrefetcher.m in Sources */ = {isa = PBXBuildFile; fileRef = 3008E6831BB3BEE100A865FC /* SDWebImagePrefetcher.m */; };
		3008E69B1BB3BEE100A865FC /* UIButton+WebCache.m in Sources */ = {isa = PBXBuildFile; fileRef = 3008E6851BB3BEE100A865FC /* UIButton+WebCache.m */; };
		3008E69C1BB3BEE100A865FC /* UIImage+GIF.m in Sources */ = {isa = PBXBuildFile; fileRef = 3008E6871BB3BEE100A865FC /* UIImage+GIF.m */; };
		3008E69D1BB3BEE100A865FC /* UIImage+MultiFormat.m in Sources */ = {isa = PBXBuildFile; fileRef = 3008E6891BB3BEE100A865FC /* UIImage+MultiFormat.m */; };
		3008E69E1BB3BEE100A865FC /* UIImage+WebP.m in Sources */ = {isa = PBXBuildFile; fileRef = 3008E68B1BB3BEE100A865FC /* UIImage+WebP.m */; };
		3008E69F1BB3BEE100A865FC /* UIImageView+HighlightedWebCache.m in Sources */ = {isa = PBXBuildFile; fileRef = 3008E68D1BB3BEE100A865FC /* UIImageView+HighlightedWebCache.m */; };
		3008E6A01BB3BEE100A865FC /* UIImageView+WebCache.m in Sources */ = {isa = PBXBuildFile; fileRef = 3008E68F1BB3BEE100A865FC /* UIImageView+WebCache.m */; };
		3008E6A11BB3BEE100A865FC /* UIView+WebCacheOperation.m in Sources */ = {isa = PBXBuildFile; fileRef = 3008E6911BB3BEE100A865FC /* UIView+WebCacheOperation.m */; };
		3008E6E61BB6BC7700A865FC /* XSCssFile.m in Sources */ = {isa = PBXBuildFile; fileRef = 3008E6DF1BB6BC7700A865FC /* XSCssFile.m */; };
		3008E6E71BB6BC7700A865FC /* XSHttpTool.m in Sources */ = {isa = PBXBuildFile; fileRef = 3008E6E11BB6BC7700A865FC /* XSHttpTool.m */; };
		3008E6E81BB6BC7700A865FC /* XSResultTool.m in Sources */ = {isa = PBXBuildFile; fileRef = 3008E6E31BB6BC7700A865FC /* XSResultTool.m */; };
		3008E6E91BB6BC7700A865FC /* XSTestNet.m in Sources */ = {isa = PBXBuildFile; fileRef = 3008E6E51BB6BC7700A865FC /* XSTestNet.m */; };
		3008E6F01BB6BC8500A865FC /* XSContentController.m in Sources */ = {isa = PBXBuildFile; fileRef = 3008E6ED1BB6BC8500A865FC /* XSContentController.m */; };
		3008E6F31BB6BCE400A865FC /* XSToolView.m in Sources */ = {isa = PBXBuildFile; fileRef = 3008E6F21BB6BCE400A865FC /* XSToolView.m */; };
		3008E6F71BB6BDFC00A865FC /* Reachability.m in Sources */ = {isa = PBXBuildFile; fileRef = 3008E6F61BB6BDFC00A865FC /* Reachability.m */; };
		3008E6FA1BB6D27400A865FC /* XSContentResult.m in Sources */ = {isa = PBXBuildFile; fileRef = 3008E6F91BB6D27400A865FC /* XSContentResult.m */; };
		3044860B1BDFD71200FD8091 /* YFStartView.m in Sources */ = {isa = PBXBuildFile; fileRef = 3044860A1BDFD71200FD8091 /* YFStartView.m */; settings = {ASSET_TAGS = (); }; };
		309BF07F1BDE272900B8A5B6 /* RTSpinKitView.m in Sources */ = {isa = PBXBuildFile; fileRef = 309BF07E1BDE272900B8A5B6 /* RTSpinKitView.m */; settings = {ASSET_TAGS = (); }; };
		30A24AA61BD0AA2E00A88709 /* XSCacheTool.m in Sources */ = {isa = PBXBuildFile; fileRef = 30A24AA51BD0AA2E00A88709 /* XSCacheTool.m */; settings = {ASSET_TAGS = (); }; };
		30E44DD21BD3F99B00E2F1EF /* XSHeadView.m in Sources */ = {isa = PBXBuildFile; fileRef = 30E44DD11BD3F99B00E2F1EF /* XSHeadView.m */; settings = {ASSET_TAGS = (); }; };
		30FAF7971BB9675100154B3A /* NSString+XSDate.m in Sources */ = {isa = PBXBuildFile; fileRef = 30FAF7961BB9675100154B3A /* NSString+XSDate.m */; };
		30FEFE991BBD2BDD00AE084D /* XSRemoveCache.m in Sources */ = {isa = PBXBuildFile; fileRef = 30FEFE981BBD2BDD00AE084D /* XSRemoveCache.m */; };
/* End PBXBuildFile section */

/* Begin PBXContainerItemProxy section */
		3008E55F1BB2864400A865FC /* PBXContainerItemProxy */ = {
			isa = PBXContainerItemProxy;
			containerPortal = 3008E53D1BB2864300A865FC /* Project object */;
			proxyType = 1;
			remoteGlobalIDString = 3008E5441BB2864300A865FC;
			remoteInfo = zhiHu2.0;
		};
/* End PBXContainerItemProxy section */

/* Begin PBXFileReference section */
		3008E5451BB2864300A865FC /* zhiHu2.0.app */ = {isa = PBXFileReference; explicitFileType = wrapper.application; includeInIndex = 0; path = zhiHu2.0.app; sourceTree = BUILT_PRODUCTS_DIR; };
		3008E5491BB2864300A865FC /* Info.plist */ = {isa = PBXFileReference; lastKnownFileType = text.plist.xml; path = Info.plist; sourceTree = "<group>"; };
		3008E5551BB2864300A865FC /* Images.xcassets */ = {isa = PBXFileReference; lastKnownFileType = folder.assetcatalog; path = Images.xcassets; sourceTree = "<group>"; };
		3008E5581BB2864300A865FC /* Base */ = {isa = PBXFileReference; lastKnownFileType = file.xib; name = Base; path = Base.lproj/LaunchScreen.xib; sourceTree = "<group>"; };
		3008E55E1BB2864400A865FC /* zhiHu2.0Tests.xctest */ = {isa = PBXFileReference; explicitFileType = wrapper.cfbundle; includeInIndex = 0; path = zhiHu2.0Tests.xctest; sourceTree = BUILT_PRODUCTS_DIR; };
		3008E5631BB2864400A865FC /* Info.plist */ = {isa = PBXFileReference; lastKnownFileType = text.plist.xml; path = Info.plist; sourceTree = "<group>"; };
		3008E5641BB2864400A865FC /* zhiHu2_0Tests.m */ = {isa = PBXFileReference; lastKnownFileType = sourcecode.c.objc; path = zhiHu2_0Tests.m; sourceTree = "<group>"; };
		3008E5AE1BB290A800A865FC /* XSHomeController.h */ = {isa = PBXFileReference; fileEncoding = 4; lastKnownFileType = sourcecode.c.h; path = XSHomeController.h; sourceTree = "<group>"; };
		3008E5AF1BB290A800A865FC /* XSHomeController.m */ = {isa = PBXFileReference; fileEncoding = 4; lastKnownFileType = sourcecode.c.objc; path = XSHomeController.m; sourceTree = "<group>"; };
		3008E5B81BB290A800A865FC /* AppDelegate.h */ = {isa = PBXFileReference; fileEncoding = 4; lastKnownFileType = sourcecode.c.h; path = AppDelegate.h; sourceTree = "<group>"; };
		3008E5B91BB290A800A865FC /* AppDelegate.m */ = {isa = PBXFileReference; fileEncoding = 4; lastKnownFileType = sourcecode.c.objc; path = AppDelegate.m; sourceTree = "<group>"; };
		3008E5BA1BB290A800A865FC /* main.m */ = {isa = PBXFileReference; fileEncoding = 4; lastKnownFileType = sourcecode.c.objc; path = main.m; sourceTree = "<group>"; };
		3008E5BB1BB290A800A865FC /* UIImage+Image.h */ = {isa = PBXFileReference; fileEncoding = 4; lastKnownFileType = sourcecode.c.h; path = "UIImage+Image.h"; sourceTree = "<group>"; };
		3008E5BC1BB290A800A865FC /* UIImage+Image.m */ = {isa = PBXFileReference; fileEncoding = 4; lastKnownFileType = sourcecode.c.objc; path = "UIImage+Image.m"; sourceTree = "<group>"; };
		3008E5BD1BB290A800A865FC /* UIView+Frame.h */ = {isa = PBXFileReference; fileEncoding = 4; lastKnownFileType = sourcecode.c.h; path = "UIView+Frame.h"; sourceTree = "<group>"; };
		3008E5BE1BB290A800A865FC /* UIView+Frame.m */ = {isa = PBXFileReference; fileEncoding = 4; lastKnownFileType = sourcecode.c.objc; path = "UIView+Frame.m"; sourceTree = "<group>"; };
		3008E5BF1BB290A800A865FC /* XSProject.pch */ = {isa = PBXFileReference; fileEncoding = 4; lastKnownFileType = sourcecode.c.h; path = XSProject.pch; sourceTree = "<group>"; };
		3008E5CF1BB2916E00A865FC /* XSNavigationController.h */ = {isa = PBXFileReference; fileEncoding = 4; lastKnownFileType = sourcecode.c.h; path = XSNavigationController.h; sourceTree = "<group>"; };
		3008E5D01BB2916E00A865FC /* XSNavigationController.m */ = {isa = PBXFileReference; fileEncoding = 4; lastKnownFileType = sourcecode.c.objc; path = XSNavigationController.m; sourceTree = "<group>"; };
		3008E5D21BB293DF00A865FC /* XSSettingController.h */ = {isa = PBXFileReference; fileEncoding = 4; lastKnownFileType = sourcecode.c.h; path = XSSettingController.h; sourceTree = "<group>"; };
		3008E5D31BB293DF00A865FC /* XSSettingController.m */ = {isa = PBXFileReference; fileEncoding = 4; lastKnownFileType = sourcecode.c.objc; path = XSSettingController.m; sourceTree = "<group>"; };
		3008E5D51BB2A0CA00A865FC /* XSFavouriteController.h */ = {isa = PBXFileReference; fileEncoding = 4; lastKnownFileType = sourcecode.c.h; path = XSFavouriteController.h; sourceTree = "<group>"; };
		3008E5D61BB2A0CA00A865FC /* XSFavouriteController.m */ = {isa = PBXFileReference; fileEncoding = 4; lastKnownFileType = sourcecode.c.objc; path = XSFavouriteController.m; sourceTree = "<group>"; };
		3008E5DB1BB2A6BB00A865FC /* UIBarButtonItem+XSNaviItem.h */ = {isa = PBXFileReference; fileEncoding = 4; lastKnownFileType = sourcecode.c.h; name = "UIBarButtonItem+XSNaviItem.h"; path = "../Home/Controller/UIBarButtonItem+XSNaviItem.h"; sourceTree = "<group>"; };
		3008E5DC1BB2A6BB00A865FC /* UIBarButtonItem+XSNaviItem.m */ = {isa = PBXFileReference; fileEncoding = 4; lastKnownFileType = sourcecode.c.objc; name = "UIBarButtonItem+XSNaviItem.m"; path = "../Home/Controller/UIBarButtonItem+XSNaviItem.m"; sourceTree = "<group>"; };
		3008E5DE1BB2C34D00A865FC /* setting.plist */ = {isa = PBXFileReference; fileEncoding = 4; lastKnownFileType = text.plist.xml; name = setting.plist; path = ../setting.plist; sourceTree = "<group>"; };
		3008E5E01BB2C53C00A865FC /* XSSetting.h */ = {isa = PBXFileReference; fileEncoding = 4; lastKnownFileType = sourcecode.c.h; path = XSSetting.h; sourceTree = "<group>"; };
		3008E5E11BB2C53C00A865FC /* XSSetting.m */ = {isa = PBXFileReference; fileEncoding = 4; lastKnownFileType = sourcecode.c.objc; path = XSSetting.m; sourceTree = "<group>"; };
		3008E5EB1BB2CFE500A865FC /* AFHTTPRequestOperation.h */ = {isa = PBXFileReference; fileEncoding = 4; lastKnownFileType = sourcecode.c.h; path = AFHTTPRequestOperation.h; sourceTree = "<group>"; };
		3008E5EC1BB2CFE500A865FC /* AFHTTPRequestOperation.m */ = {isa = PBXFileReference; fileEncoding = 4; lastKnownFileType = sourcecode.c.objc; path = AFHTTPRequestOperation.m; sourceTree = "<group>"; };
		3008E5ED1BB2CFE500A865FC /* AFHTTPRequestOperationManager.h */ = {isa = PBXFileReference; fileEncoding = 4; lastKnownFileType = sourcecode.c.h; path = AFHTTPRequestOperationManager.h; sourceTree = "<group>"; };
		3008E5EE1BB2CFE500A865FC /* AFHTTPRequestOperationManager.m */ = {isa = PBXFileReference; fileEncoding = 4; lastKnownFileType = sourcecode.c.objc; path = AFHTTPRequestOperationManager.m; sourceTree = "<group>"; };
		3008E5EF1BB2CFE500A865FC /* AFHTTPSessionManager.h */ = {isa = PBXFileReference; fileEncoding = 4; lastKnownFileType = sourcecode.c.h; path = AFHTTPSessionManager.h; sourceTree = "<group>"; };
		3008E5F01BB2CFE500A865FC /* AFHTTPSessionManager.m */ = {isa = PBXFileReference; fileEncoding = 4; lastKnownFileType = sourcecode.c.objc; path = AFHTTPSessionManager.m; sourceTree = "<group>"; };
		3008E5F11BB2CFE500A865FC /* AFNetworking.h */ = {isa = PBXFileReference; fileEncoding = 4; lastKnownFileType = sourcecode.c.h; path = AFNetworking.h; sourceTree = "<group>"; };
		3008E5F21BB2CFE500A865FC /* AFNetworkReachabilityManager.h */ = {isa = PBXFileReference; fileEncoding = 4; lastKnownFileType = sourcecode.c.h; path = AFNetworkReachabilityManager.h; sourceTree = "<group>"; };
		3008E5F31BB2CFE500A865FC /* AFNetworkReachabilityManager.m */ = {isa = PBXFileReference; fileEncoding = 4; lastKnownFileType = sourcecode.c.objc; path = AFNetworkReachabilityManager.m; sourceTree = "<group>"; };
		3008E5F41BB2CFE500A865FC /* AFSecurityPolicy.h */ = {isa = PBXFileReference; fileEncoding = 4; lastKnownFileType = sourcecode.c.h; path = AFSecurityPolicy.h; sourceTree = "<group>"; };
		3008E5F51BB2CFE500A865FC /* AFSecurityPolicy.m */ = {isa = PBXFileReference; fileEncoding = 4; lastKnownFileType = sourcecode.c.objc; path = AFSecurityPolicy.m; sourceTree = "<group>"; };
		3008E5F61BB2CFE500A865FC /* AFURLConnectionOperation.h */ = {isa = PBXFileReference; fileEncoding = 4; lastKnownFileType = sourcecode.c.h; path = AFURLConnectionOperation.h; sourceTree = "<group>"; };
		3008E5F71BB2CFE500A865FC /* AFURLConnectionOperation.m */ = {isa = PBXFileReference; fileEncoding = 4; lastKnownFileType = sourcecode.c.objc; path = AFURLConnectionOperation.m; sourceTree = "<group>"; };
		3008E5F81BB2CFE500A865FC /* AFURLRequestSerialization.h */ = {isa = PBXFileReference; fileEncoding = 4; lastKnownFileType = sourcecode.c.h; path = AFURLRequestSerialization.h; sourceTree = "<group>"; };
		3008E5F91BB2CFE500A865FC /* AFURLRequestSerialization.m */ = {isa = PBXFileReference; fileEncoding = 4; lastKnownFileType = sourcecode.c.objc; path = AFURLRequestSerialization.m; sourceTree = "<group>"; };
		3008E5FA1BB2CFE500A865FC /* AFURLResponseSerialization.h */ = {isa = PBXFileReference; fileEncoding = 4; lastKnownFileType = sourcecode.c.h; path = AFURLResponseSerialization.h; sourceTree = "<group>"; };
		3008E5FB1BB2CFE500A865FC /* AFURLResponseSerialization.m */ = {isa = PBXFileReference; fileEncoding = 4; lastKnownFileType = sourcecode.c.objc; path = AFURLResponseSerialization.m; sourceTree = "<group>"; };
		3008E5FC1BB2CFE500A865FC /* AFURLSessionManager.h */ = {isa = PBXFileReference; fileEncoding = 4; lastKnownFileType = sourcecode.c.h; path = AFURLSessionManager.h; sourceTree = "<group>"; };
		3008E5FD1BB2CFE500A865FC /* AFURLSessionManager.m */ = {isa = PBXFileReference; fileEncoding = 4; lastKnownFileType = sourcecode.c.objc; path = AFURLSessionManager.m; sourceTree = "<group>"; };
		3008E5FF1BB2CFE500A865FC /* MBProgressHUD+Extend.h */ = {isa = PBXFileReference; fileEncoding = 4; lastKnownFileType = sourcecode.c.h; path = "MBProgressHUD+Extend.h"; sourceTree = "<group>"; };
		3008E6001BB2CFE500A865FC /* MBProgressHUD+Extend.m */ = {isa = PBXFileReference; fileEncoding = 4; lastKnownFileType = sourcecode.c.objc; path = "MBProgressHUD+Extend.m"; sourceTree = "<group>"; };
		3008E6011BB2CFE500A865FC /* MBProgressHUD.bundle */ = {isa = PBXFileReference; lastKnownFileType = "wrapper.plug-in"; path = MBProgressHUD.bundle; sourceTree = "<group>"; };
		3008E6021BB2CFE500A865FC /* MBProgressHUD.h */ = {isa = PBXFileReference; fileEncoding = 4; lastKnownFileType = sourcecode.c.h; path = MBProgressHUD.h; sourceTree = "<group>"; };
		3008E6031BB2CFE500A865FC /* MBProgressHUD.m */ = {isa = PBXFileReference; fileEncoding = 4; lastKnownFileType = sourcecode.c.objc; path = MBProgressHUD.m; sourceTree = "<group>"; };
		3008E6051BB2CFE500A865FC /* MJConst.h */ = {isa = PBXFileReference; fileEncoding = 4; lastKnownFileType = sourcecode.c.h; path = MJConst.h; sourceTree = "<group>"; };
		3008E6061BB2CFE500A865FC /* MJConst.m */ = {isa = PBXFileReference; fileEncoding = 4; lastKnownFileType = sourcecode.c.objc; path = MJConst.m; sourceTree = "<group>"; };
		3008E6071BB2CFE500A865FC /* MJExtension.h */ = {isa = PBXFileReference; fileEncoding = 4; lastKnownFileType = sourcecode.c.h; path = MJExtension.h; sourceTree = "<group>"; };
		3008E6081BB2CFE500A865FC /* MJFoundation.h */ = {isa = PBXFileReference; fileEncoding = 4; lastKnownFileType = sourcecode.c.h; path = MJFoundation.h; sourceTree = "<group>"; };
		3008E6091BB2CFE500A865FC /* MJFoundation.m */ = {isa = PBXFileReference; fileEncoding = 4; lastKnownFileType = sourcecode.c.objc; path = MJFoundation.m; sourceTree = "<group>"; };
		3008E60A1BB2CFE500A865FC /* MJIvar.h */ = {isa = PBXFileReference; fileEncoding = 4; lastKnownFileType = sourcecode.c.h; path = MJIvar.h; sourceTree = "<group>"; };
		3008E60B1BB2CFE500A865FC /* MJIvar.m */ = {isa = PBXFileReference; fileEncoding = 4; lastKnownFileType = sourcecode.c.objc; path = MJIvar.m; sourceTree = "<group>"; };
		3008E60C1BB2CFE500A865FC /* MJType.h */ = {isa = PBXFileReference; fileEncoding = 4; lastKnownFileType = sourcecode.c.h; path = MJType.h; sourceTree = "<group>"; };
		3008E60D1BB2CFE500A865FC /* MJType.m */ = {isa = PBXFileReference; fileEncoding = 4; lastKnownFileType = sourcecode.c.objc; path = MJType.m; sourceTree = "<group>"; };
		3008E60E1BB2CFE500A865FC /* NSObject+MJCoding.h */ = {isa = PBXFileReference; fileEncoding = 4; lastKnownFileType = sourcecode.c.h; path = "NSObject+MJCoding.h"; sourceTree = "<group>"; };
		3008E60F1BB2CFE500A865FC /* NSObject+MJCoding.m */ = {isa = PBXFileReference; fileEncoding = 4; lastKnownFileType = sourcecode.c.objc; path = "NSObject+MJCoding.m"; sourceTree = "<group>"; };
		3008E6101BB2CFE500A865FC /* NSObject+MJIvar.h */ = {isa = PBXFileReference; fileEncoding = 4; lastKnownFileType = sourcecode.c.h; path = "NSObject+MJIvar.h"; sourceTree = "<group>"; };
		3008E6111BB2CFE500A865FC /* NSObject+MJIvar.m */ = {isa = PBXFileReference; fileEncoding = 4; lastKnownFileType = sourcecode.c.objc; path = "NSObject+MJIvar.m"; sourceTree = "<group>"; };
		3008E6121BB2CFE500A865FC /* NSObject+MJKeyValue.h */ = {isa = PBXFileReference; fileEncoding = 4; lastKnownFileType = sourcecode.c.h; path = "NSObject+MJKeyValue.h"; sourceTree = "<group>"; };
		3008E6131BB2CFE500A865FC /* NSObject+MJKeyValue.m */ = {isa = PBXFileReference; fileEncoding = 4; lastKnownFileType = sourcecode.c.objc; path = "NSObject+MJKeyValue.m"; sourceTree = "<group>"; };
		3008E6151BB2CFE500A865FC /* MJRefresh.bundle */ = {isa = PBXFileReference; lastKnownFileType = "wrapper.plug-in"; path = MJRefresh.bundle; sourceTree = "<group>"; };
		3008E6161BB2CFE500A865FC /* MJRefresh.h */ = {isa = PBXFileReference; fileEncoding = 4; lastKnownFileType = sourcecode.c.h; path = MJRefresh.h; sourceTree = "<group>"; };
		3008E6171BB2CFE500A865FC /* MJRefreshBaseView.h */ = {isa = PBXFileReference; fileEncoding = 4; lastKnownFileType = sourcecode.c.h; path = MJRefreshBaseView.h; sourceTree = "<group>"; };
		3008E6181BB2CFE500A865FC /* MJRefreshBaseView.m */ = {isa = PBXFileReference; fileEncoding = 4; lastKnownFileType = sourcecode.c.objc; path = MJRefreshBaseView.m; sourceTree = "<group>"; };
		3008E6191BB2CFE500A865FC /* MJRefreshConst.h */ = {isa = PBXFileReference; fileEncoding = 4; lastKnownFileType = sourcecode.c.h; path = MJRefreshConst.h; sourceTree = "<group>"; };
		3008E61A1BB2CFE500A865FC /* MJRefreshConst.m */ = {isa = PBXFileReference; fileEncoding = 4; lastKnownFileType = sourcecode.c.objc; path = MJRefreshConst.m; sourceTree = "<group>"; };
		3008E61B1BB2CFE500A865FC /* MJRefreshFooterView.h */ = {isa = PBXFileReference; fileEncoding = 4; lastKnownFileType = sourcecode.c.h; path = MJRefreshFooterView.h; sourceTree = "<group>"; };
		3008E61C1BB2CFE500A865FC /* MJRefreshFooterView.m */ = {isa = PBXFileReference; fileEncoding = 4; lastKnownFileType = sourcecode.c.objc; path = MJRefreshFooterView.m; sourceTree = "<group>"; };
		3008E61D1BB2CFE500A865FC /* MJRefreshHeaderView.h */ = {isa = PBXFileReference; fileEncoding = 4; lastKnownFileType = sourcecode.c.h; path = MJRefreshHeaderView.h; sourceTree = "<group>"; };
		3008E61E1BB2CFE500A865FC /* MJRefreshHeaderView.m */ = {isa = PBXFileReference; fileEncoding = 4; lastKnownFileType = sourcecode.c.objc; path = MJRefreshHeaderView.m; sourceTree = "<group>"; };
		3008E61F1BB2CFE500A865FC /* UIScrollView+MJExtension.h */ = {isa = PBXFileReference; fileEncoding = 4; lastKnownFileType = sourcecode.c.h; path = "UIScrollView+MJExtension.h"; sourceTree = "<group>"; };
		3008E6201BB2CFE500A865FC /* UIScrollView+MJExtension.m */ = {isa = PBXFileReference; fileEncoding = 4; lastKnownFileType = sourcecode.c.objc; path = "UIScrollView+MJExtension.m"; sourceTree = "<group>"; };
		3008E6211BB2CFE500A865FC /* UIScrollView+MJRefresh.h */ = {isa = PBXFileReference; fileEncoding = 4; lastKnownFileType = sourcecode.c.h; path = "UIScrollView+MJRefresh.h"; sourceTree = "<group>"; };
		3008E6221BB2CFE500A865FC /* UIScrollView+MJRefresh.m */ = {isa = PBXFileReference; fileEncoding = 4; lastKnownFileType = sourcecode.c.objc; path = "UIScrollView+MJRefresh.m"; sourceTree = "<group>"; };
		3008E6231BB2CFE500A865FC /* UIView+MJExtension.h */ = {isa = PBXFileReference; fileEncoding = 4; lastKnownFileType = sourcecode.c.h; path = "UIView+MJExtension.h"; sourceTree = "<group>"; };
		3008E6241BB2CFE500A865FC /* UIView+MJExtension.m */ = {isa = PBXFileReference; fileEncoding = 4; lastKnownFileType = sourcecode.c.objc; path = "UIView+MJExtension.m"; sourceTree = "<group>"; };
		3008E6261BB2CFE500A865FC /* NSData+SDDataCache.h */ = {isa = PBXFileReference; fileEncoding = 4; lastKnownFileType = sourcecode.c.h; path = "NSData+SDDataCache.h"; sourceTree = "<group>"; };
		3008E6271BB2CFE500A865FC /* NSData+SDDataCache.m */ = {isa = PBXFileReference; fileEncoding = 4; lastKnownFileType = sourcecode.c.objc; path = "NSData+SDDataCache.m"; sourceTree = "<group>"; };
		3008E6291BB2CFE500A865FC /* TAAbstractDotView.h */ = {isa = PBXFileReference; fileEncoding = 4; lastKnownFileType = sourcecode.c.h; path = TAAbstractDotView.h; sourceTree = "<group>"; };
		3008E62A1BB2CFE500A865FC /* TAAbstractDotView.m */ = {isa = PBXFileReference; fileEncoding = 4; lastKnownFileType = sourcecode.c.objc; path = TAAbstractDotView.m; sourceTree = "<group>"; };
		3008E62B1BB2CFE500A865FC /* TAAnimatedDotView.h */ = {isa = PBXFileReference; fileEncoding = 4; lastKnownFileType = sourcecode.c.h; path = TAAnimatedDotView.h; sourceTree = "<group>"; };
		3008E62C1BB2CFE500A865FC /* TAAnimatedDotView.m */ = {isa = PBXFileReference; fileEncoding = 4; lastKnownFileType = sourcecode.c.objc; path = TAAnimatedDotView.m; sourceTree = "<group>"; };
		3008E62D1BB2CFE500A865FC /* TADotView.h */ = {isa = PBXFileReference; fileEncoding = 4; lastKnownFileType = sourcecode.c.h; path = TADotView.h; sourceTree = "<group>"; };
		3008E62E1BB2CFE500A865FC /* TADotView.m */ = {isa = PBXFileReference; fileEncoding = 4; lastKnownFileType = sourcecode.c.objc; path = TADotView.m; sourceTree = "<group>"; };
		3008E62F1BB2CFE500A865FC /* TAPageControl.h */ = {isa = PBXFileReference; fileEncoding = 4; lastKnownFileType = sourcecode.c.h; path = TAPageControl.h; sourceTree = "<group>"; };
		3008E6301BB2CFE500A865FC /* TAPageControl.m */ = {isa = PBXFileReference; fileEncoding = 4; lastKnownFileType = sourcecode.c.objc; path = TAPageControl.m; sourceTree = "<group>"; };
		3008E6311BB2CFE500A865FC /* SDCollectionViewCell.h */ = {isa = PBXFileReference; fileEncoding = 4; lastKnownFileType = sourcecode.c.h; path = SDCollectionViewCell.h; sourceTree = "<group>"; };
		3008E6321BB2CFE500A865FC /* SDCollectionViewCell.m */ = {isa = PBXFileReference; fileEncoding = 4; lastKnownFileType = sourcecode.c.objc; path = SDCollectionViewCell.m; sourceTree = "<group>"; };
		3008E6331BB2CFE500A865FC /* SDCycleScrollView.h */ = {isa = PBXFileReference; fileEncoding = 4; lastKnownFileType = sourcecode.c.h; path = SDCycleScrollView.h; sourceTree = "<group>"; };
		3008E6341BB2CFE500A865FC /* SDCycleScrollView.m */ = {isa = PBXFileReference; fileEncoding = 4; lastKnownFileType = sourcecode.c.objc; path = SDCycleScrollView.m; sourceTree = "<group>"; };
		3008E6351BB2CFE500A865FC /* UIView+SDExtension.h */ = {isa = PBXFileReference; fileEncoding = 4; lastKnownFileType = sourcecode.c.h; path = "UIView+SDExtension.h"; sourceTree = "<group>"; };
		3008E6361BB2CFE500A865FC /* UIView+SDExtension.m */ = {isa = PBXFileReference; fileEncoding = 4; lastKnownFileType = sourcecode.c.objc; path = "UIView+SDExtension.m"; sourceTree = "<group>"; };
		3008E65A1BB2D44400A865FC /* XSResult.h */ = {isa = PBXFileReference; fileEncoding = 4; lastKnownFileType = sourcecode.c.h; path = XSResult.h; sourceTree = "<group>"; };
		3008E65B1BB2D44400A865FC /* XSResult.m */ = {isa = PBXFileReference; fileEncoding = 4; lastKnownFileType = sourcecode.c.objc; path = XSResult.m; sourceTree = "<group>"; };
		3008E65D1BB2D50D00A865FC /* XSStories.h */ = {isa = PBXFileReference; fileEncoding = 4; lastKnownFileType = sourcecode.c.h; path = XSStories.h; sourceTree = "<group>"; };
		3008E65E1BB2D50D00A865FC /* XSStories.m */ = {isa = PBXFileReference; fileEncoding = 4; lastKnownFileType = sourcecode.c.objc; path = XSStories.m; sourceTree = "<group>"; };
		3008E6601BB2D51F00A865FC /* XSTopStories.h */ = {isa = PBXFileReference; fileEncoding = 4; lastKnownFileType = sourcecode.c.h; path = XSTopStories.h; sourceTree = "<group>"; };
		3008E6611BB2D51F00A865FC /* XSTopStories.m */ = {isa = PBXFileReference; fileEncoding = 4; lastKnownFileType = sourcecode.c.objc; path = XSTopStories.m; sourceTree = "<group>"; };
		3008E6671BB3B65F00A865FC /* XSAboutController.h */ = {isa = PBXFileReference; fileEncoding = 4; lastKnownFileType = sourcecode.c.h; path = XSAboutController.h; sourceTree = "<group>"; };
		3008E6681BB3B65F00A865FC /* XSAboutController.m */ = {isa = PBXFileReference; fileEncoding = 4; lastKnownFileType = sourcecode.c.objc; path = XSAboutController.m; sourceTree = "<group>"; };
		3008E66A1BB3B7F000A865FC /* XSDonateController.h */ = {isa = PBXFileReference; fileEncoding = 4; lastKnownFileType = sourcecode.c.h; path = XSDonateController.h; sourceTree = "<group>"; };
		3008E66B1BB3B7F000A865FC /* XSDonateController.m */ = {isa = PBXFileReference; fileEncoding = 4; lastKnownFileType = sourcecode.c.objc; path = XSDonateController.m; sourceTree = "<group>"; };
		3008E66D1BB3BB3E00A865FC /* XSStoriesCell.h */ = {isa = PBXFileReference; fileEncoding = 4; lastKnownFileType = sourcecode.c.h; path = XSStoriesCell.h; sourceTree = "<group>"; };
		3008E66E1BB3BB3E00A865FC /* XSStoriesCell.m */ = {isa = PBXFileReference; fileEncoding = 4; lastKnownFileType = sourcecode.c.objc; path = XSStoriesCell.m; sourceTree = "<group>"; };
		3008E6711BB3BEE100A865FC /* MKAnnotationView+WebCache.h */ = {isa = PBXFileReference; fileEncoding = 4; lastKnownFileType = sourcecode.c.h; path = "MKAnnotationView+WebCache.h"; sourceTree = "<group>"; };
		3008E6721BB3BEE100A865FC /* MKAnnotationView+WebCache.m */ = {isa = PBXFileReference; fileEncoding = 4; lastKnownFileType = sourcecode.c.objc; path = "MKAnnotationView+WebCache.m"; sourceTree = "<group>"; };
		3008E6731BB3BEE100A865FC /* NSData+ImageContentType.h */ = {isa = PBXFileReference; fileEncoding = 4; lastKnownFileType = sourcecode.c.h; path = "NSData+ImageContentType.h"; sourceTree = "<group>"; };
		3008E6741BB3BEE100A865FC /* NSData+ImageContentType.m */ = {isa = PBXFileReference; fileEncoding = 4; lastKnownFileType = sourcecode.c.objc; path = "NSData+ImageContentType.m"; sourceTree = "<group>"; };
		3008E6751BB3BEE100A865FC /* SDImageCache.h */ = {isa = PBXFileReference; fileEncoding = 4; lastKnownFileType = sourcecode.c.h; path = SDImageCache.h; sourceTree = "<group>"; };
		3008E6761BB3BEE100A865FC /* SDImageCache.m */ = {isa = PBXFileReference; fileEncoding = 4; lastKnownFileType = sourcecode.c.objc; path = SDImageCache.m; sourceTree = "<group>"; };
		3008E6771BB3BEE100A865FC /* SDWebImageCompat.h */ = {isa = PBXFileReference; fileEncoding = 4; lastKnownFileType = sourcecode.c.h; path = SDWebImageCompat.h; sourceTree = "<group>"; };
		3008E6781BB3BEE100A865FC /* SDWebImageCompat.m */ = {isa = PBXFileReference; fileEncoding = 4; lastKnownFileType = sourcecode.c.objc; path = SDWebImageCompat.m; sourceTree = "<group>"; };
		3008E6791BB3BEE100A865FC /* SDWebImageDecoder.h */ = {isa = PBXFileReference; fileEncoding = 4; lastKnownFileType = sourcecode.c.h; path = SDWebImageDecoder.h; sourceTree = "<group>"; };
		3008E67A1BB3BEE100A865FC /* SDWebImageDecoder.m */ = {isa = PBXFileReference; fileEncoding = 4; lastKnownFileType = sourcecode.c.objc; path = SDWebImageDecoder.m; sourceTree = "<group>"; };
		3008E67B1BB3BEE100A865FC /* SDWebImageDownloader.h */ = {isa = PBXFileReference; fileEncoding = 4; lastKnownFileType = sourcecode.c.h; path = SDWebImageDownloader.h; sourceTree = "<group>"; };
		3008E67C1BB3BEE100A865FC /* SDWebImageDownloader.m */ = {isa = PBXFileReference; fileEncoding = 4; lastKnownFileType = sourcecode.c.objc; path = SDWebImageDownloader.m; sourceTree = "<group>"; };
		3008E67D1BB3BEE100A865FC /* SDWebImageDownloaderOperation.h */ = {isa = PBXFileReference; fileEncoding = 4; lastKnownFileType = sourcecode.c.h; path = SDWebImageDownloaderOperation.h; sourceTree = "<group>"; };
		3008E67E1BB3BEE100A865FC /* SDWebImageDownloaderOperation.m */ = {isa = PBXFileReference; fileEncoding = 4; lastKnownFileType = sourcecode.c.objc; path = SDWebImageDownloaderOperation.m; sourceTree = "<group>"; };
		3008E67F1BB3BEE100A865FC /* SDWebImageManager.h */ = {isa = PBXFileReference; fileEncoding = 4; lastKnownFileType = sourcecode.c.h; path = SDWebImageManager.h; sourceTree = "<group>"; };
		3008E6801BB3BEE100A865FC /* SDWebImageManager.m */ = {isa = PBXFileReference; fileEncoding = 4; lastKnownFileType = sourcecode.c.objc; path = SDWebImageManager.m; sourceTree = "<group>"; };
		3008E6811BB3BEE100A865FC /* SDWebImageOperation.h */ = {isa = PBXFileReference; fileEncoding = 4; lastKnownFileType = sourcecode.c.h; path = SDWebImageOperation.h; sourceTree = "<group>"; };
		3008E6821BB3BEE100A865FC /* SDWebImagePrefetcher.h */ = {isa = PBXFileReference; fileEncoding = 4; lastKnownFileType = sourcecode.c.h; path = SDWebImagePrefetcher.h; sourceTree = "<group>"; };
		3008E6831BB3BEE100A865FC /* SDWebImagePrefetcher.m */ = {isa = PBXFileReference; fileEncoding = 4; lastKnownFileType = sourcecode.c.objc; path = SDWebImagePrefetcher.m; sourceTree = "<group>"; };
		3008E6841BB3BEE100A865FC /* UIButton+WebCache.h */ = {isa = PBXFileReference; fileEncoding = 4; lastKnownFileType = sourcecode.c.h; path = "UIButton+WebCache.h"; sourceTree = "<group>"; };
		3008E6851BB3BEE100A865FC /* UIButton+WebCache.m */ = {isa = PBXFileReference; fileEncoding = 4; lastKnownFileType = sourcecode.c.objc; path = "UIButton+WebCache.m"; sourceTree = "<group>"; };
		3008E6861BB3BEE100A865FC /* UIImage+GIF.h */ = {isa = PBXFileReference; fileEncoding = 4; lastKnownFileType = sourcecode.c.h; path = "UIImage+GIF.h"; sourceTree = "<group>"; };
		3008E6871BB3BEE100A865FC /* UIImage+GIF.m */ = {isa = PBXFileReference; fileEncoding = 4; lastKnownFileType = sourcecode.c.objc; path = "UIImage+GIF.m"; sourceTree = "<group>"; };
		3008E6881BB3BEE100A865FC /* UIImage+MultiFormat.h */ = {isa = PBXFileReference; fileEncoding = 4; lastKnownFileType = sourcecode.c.h; path = "UIImage+MultiFormat.h"; sourceTree = "<group>"; };
		3008E6891BB3BEE100A865FC /* UIImage+MultiFormat.m */ = {isa = PBXFileReference; fileEncoding = 4; lastKnownFileType = sourcecode.c.objc; path = "UIImage+MultiFormat.m"; sourceTree = "<group>"; };
		3008E68A1BB3BEE100A865FC /* UIImage+WebP.h */ = {isa = PBXFileReference; fileEncoding = 4; lastKnownFileType = sourcecode.c.h; path = "UIImage+WebP.h"; sourceTree = "<group>"; };
		3008E68B1BB3BEE100A865FC /* UIImage+WebP.m */ = {isa = PBXFileReference; fileEncoding = 4; lastKnownFileType = sourcecode.c.objc; path = "UIImage+WebP.m"; sourceTree = "<group>"; };
		3008E68C1BB3BEE100A865FC /* UIImageView+HighlightedWebCache.h */ = {isa = PBXFileReference; fileEncoding = 4; lastKnownFileType = sourcecode.c.h; path = "UIImageView+HighlightedWebCache.h"; sourceTree = "<group>"; };
		3008E68D1BB3BEE100A865FC /* UIImageView+HighlightedWebCache.m */ = {isa = PBXFileReference; fileEncoding = 4; lastKnownFileType = sourcecode.c.objc; path = "UIImageView+HighlightedWebCache.m"; sourceTree = "<group>"; };
		3008E68E1BB3BEE100A865FC /* UIImageView+WebCache.h */ = {isa = PBXFileReference; fileEncoding = 4; lastKnownFileType = sourcecode.c.h; path = "UIImageView+WebCache.h"; sourceTree = "<group>"; };
		3008E68F1BB3BEE100A865FC /* UIImageView+WebCache.m */ = {isa = PBXFileReference; fileEncoding = 4; lastKnownFileType = sourcecode.c.objc; path = "UIImageView+WebCache.m"; sourceTree = "<group>"; };
		3008E6901BB3BEE100A865FC /* UIView+WebCacheOperation.h */ = {isa = PBXFileReference; fileEncoding = 4; lastKnownFileType = sourcecode.c.h; path = "UIView+WebCacheOperation.h"; sourceTree = "<group>"; };
		3008E6911BB3BEE100A865FC /* UIView+WebCacheOperation.m */ = {isa = PBXFileReference; fileEncoding = 4; lastKnownFileType = sourcecode.c.objc; path = "UIView+WebCacheOperation.m"; sourceTree = "<group>"; };
		3008E6DE1BB6BC7700A865FC /* XSCssFile.h */ = {isa = PBXFileReference; fileEncoding = 4; lastKnownFileType = sourcecode.c.h; path = XSCssFile.h; sourceTree = "<group>"; };
		3008E6DF1BB6BC7700A865FC /* XSCssFile.m */ = {isa = PBXFileReference; fileEncoding = 4; lastKnownFileType = sourcecode.c.objc; path = XSCssFile.m; sourceTree = "<group>"; };
		3008E6E01BB6BC7700A865FC /* XSHttpTool.h */ = {isa = PBXFileReference; fileEncoding = 4; lastKnownFileType = sourcecode.c.h; path = XSHttpTool.h; sourceTree = "<group>"; };
		3008E6E11BB6BC7700A865FC /* XSHttpTool.m */ = {isa = PBXFileReference; fileEncoding = 4; lastKnownFileType = sourcecode.c.objc; path = XSHttpTool.m; sourceTree = "<group>"; };
		3008E6E21BB6BC7700A865FC /* XSResultTool.h */ = {isa = PBXFileReference; fileEncoding = 4; lastKnownFileType = sourcecode.c.h; path = XSResultTool.h; sourceTree = "<group>"; };
		3008E6E31BB6BC7700A865FC /* XSResultTool.m */ = {isa = PBXFileReference; fileEncoding = 4; lastKnownFileType = sourcecode.c.objc; path = XSResultTool.m; sourceTree = "<group>"; };
		3008E6E41BB6BC7700A865FC /* XSTestNet.h */ = {isa = PBXFileReference; fileEncoding = 4; lastKnownFileType = sourcecode.c.h; path = XSTestNet.h; sourceTree = "<group>"; };
		3008E6E51BB6BC7700A865FC /* XSTestNet.m */ = {isa = PBXFileReference; fileEncoding = 4; lastKnownFileType = sourcecode.c.objc; path = XSTestNet.m; sourceTree = "<group>"; };
		3008E6EC1BB6BC8500A865FC /* XSContentController.h */ = {isa = PBXFileReference; fileEncoding = 4; lastKnownFileType = sourcecode.c.h; path = XSContentController.h; sourceTree = "<group>"; };
		3008E6ED1BB6BC8500A865FC /* XSContentController.m */ = {isa = PBXFileReference; fileEncoding = 4; lastKnownFileType = sourcecode.c.objc; path = XSContentController.m; sourceTree = "<group>"; };
		3008E6F11BB6BCE400A865FC /* XSToolView.h */ = {isa = PBXFileReference; fileEncoding = 4; lastKnownFileType = sourcecode.c.h; path = XSToolView.h; sourceTree = "<group>"; };
		3008E6F21BB6BCE400A865FC /* XSToolView.m */ = {isa = PBXFileReference; fileEncoding = 4; lastKnownFileType = sourcecode.c.objc; path = XSToolView.m; sourceTree = "<group>"; };
		3008E6F51BB6BDFC00A865FC /* Reachability.h */ = {isa = PBXFileReference; fileEncoding = 4; lastKnownFileType = sourcecode.c.h; path = Reachability.h; sourceTree = "<group>"; };
		3008E6F61BB6BDFC00A865FC /* Reachability.m */ = {isa = PBXFileReference; fileEncoding = 4; lastKnownFileType = sourcecode.c.objc; path = Reachability.m; sourceTree = "<group>"; };
		3008E6F81BB6D27400A865FC /* XSContentResult.h */ = {isa = PBXFileReference; fileEncoding = 4; lastKnownFileType = sourcecode.c.h; path = XSContentResult.h; sourceTree = "<group>"; };
		3008E6F91BB6D27400A865FC /* XSContentResult.m */ = {isa = PBXFileReference; fileEncoding = 4; lastKnownFileType = sourcecode.c.objc; path = XSContentResult.m; sourceTree = "<group>"; };
		304486091BDFD71200FD8091 /* YFStartView.h */ = {isa = PBXFileReference; fileEncoding = 4; lastKnownFileType = sourcecode.c.h; path = YFStartView.h; sourceTree = "<group>"; };
		3044860A1BDFD71200FD8091 /* YFStartView.m */ = {isa = PBXFileReference; fileEncoding = 4; lastKnownFileType = sourcecode.c.objc; path = YFStartView.m; sourceTree = "<group>"; };
		309BF07D1BDE272900B8A5B6 /* RTSpinKitView.h */ = {isa = PBXFileReference; fileEncoding = 4; lastKnownFileType = sourcecode.c.h; path = RTSpinKitView.h; sourceTree = "<group>"; };
		309BF07E1BDE272900B8A5B6 /* RTSpinKitView.m */ = {isa = PBXFileReference; fileEncoding = 4; lastKnownFileType = sourcecode.c.objc; path = RTSpinKitView.m; sourceTree = "<group>"; };
		30A24AA41BD0AA2E00A88709 /* XSCacheTool.h */ = {isa = PBXFileReference; fileEncoding = 4; lastKnownFileType = sourcecode.c.h; path = XSCacheTool.h; sourceTree = "<group>"; };
		30A24AA51BD0AA2E00A88709 /* XSCacheTool.m */ = {isa = PBXFileReference; fileEncoding = 4; lastKnownFileType = sourcecode.c.objc; path = XSCacheTool.m; sourceTree = "<group>"; };
		30E44DD01BD3F99B00E2F1EF /* XSHeadView.h */ = {isa = PBXFileReference; fileEncoding = 4; lastKnownFileType = sourcecode.c.h; path = XSHeadView.h; sourceTree = "<group>"; };
		30E44DD11BD3F99B00E2F1EF /* XSHeadView.m */ = {isa = PBXFileReference; fileEncoding = 4; lastKnownFileType = sourcecode.c.objc; path = XSHeadView.m; sourceTree = "<group>"; };
		30FAF7951BB9675100154B3A /* NSString+XSDate.h */ = {isa = PBXFileReference; fileEncoding = 4; lastKnownFileType = sourcecode.c.h; path = "NSString+XSDate.h"; sourceTree = "<group>"; };
		30FAF7961BB9675100154B3A /* NSString+XSDate.m */ = {isa = PBXFileReference; fileEncoding = 4; lastKnownFileType = sourcecode.c.objc; path = "NSString+XSDate.m"; sourceTree = "<group>"; };
		30FEFE971BBD2BDD00AE084D /* XSRemoveCache.h */ = {isa = PBXFileReference; fileEncoding = 4; lastKnownFileType = sourcecode.c.h; path = XSRemoveCache.h; sourceTree = "<group>"; };
		30FEFE981BBD2BDD00AE084D /* XSRemoveCache.m */ = {isa = PBXFileReference; fileEncoding = 4; lastKnownFileType = sourcecode.c.objc; path = XSRemoveCache.m; sourceTree = "<group>"; };
/* End PBXFileReference section */

/* Begin PBXFrameworksBuildPhase section */
		3008E5421BB2864300A865FC /* Frameworks */ = {
			isa = PBXFrameworksBuildPhase;
			buildActionMask = 2147483647;
			files = (
			);
			runOnlyForDeploymentPostprocessing = 0;
		};
		3008E55B1BB2864400A865FC /* Frameworks */ = {
			isa = PBXFrameworksBuildPhase;
			buildActionMask = 2147483647;
			files = (
			);
			runOnlyForDeploymentPostprocessing = 0;
		};
/* End PBXFrameworksBuildPhase section */

/* Begin PBXGroup section */
		3003C6331BD60A150042339A /* New Group */ = {
			isa = PBXGroup;
			children = (
			);
			name = "New Group";
			sourceTree = "<group>";
		};
		3008E53C1BB2864300A865FC = {
			isa = PBXGroup;
			children = (
				3008E5471BB2864300A865FC /* zhiHu2.0 */,
				3008E5611BB2864400A865FC /* zhiHu2.0Tests */,
				3008E5461BB2864300A865FC /* Products */,
			);
			sourceTree = "<group>";
		};
		3008E5461BB2864300A865FC /* Products */ = {
			isa = PBXGroup;
			children = (
				3008E5451BB2864300A865FC /* zhiHu2.0.app */,
				3008E55E1BB2864400A865FC /* zhiHu2.0Tests.xctest */,
			);
			name = Products;
			sourceTree = "<group>";
		};
		3008E5471BB2864300A865FC /* zhiHu2.0 */ = {
			isa = PBXGroup;
			children = (
				3008E5A51BB290A800A865FC /* Classes */,
				3008E5551BB2864300A865FC /* Images.xcassets */,
				3008E5571BB2864300A865FC /* LaunchScreen.xib */,
				3008E5481BB2864300A865FC /* Supporting Files */,
			);
			path = zhiHu2.0;
			sourceTree = "<group>";
		};
		3008E5481BB2864300A865FC /* Supporting Files */ = {
			isa = PBXGroup;
			children = (
				3008E5491BB2864300A865FC /* Info.plist */,
			);
			name = "Supporting Files";
			sourceTree = "<group>";
		};
		3008E5611BB2864400A865FC /* zhiHu2.0Tests */ = {
			isa = PBXGroup;
			children = (
				3008E5641BB2864400A865FC /* zhiHu2_0Tests.m */,
				3008E5621BB2864400A865FC /* Supporting Files */,
			);
			path = zhiHu2.0Tests;
			sourceTree = "<group>";
		};
		3008E5621BB2864400A865FC /* Supporting Files */ = {
			isa = PBXGroup;
			children = (
				3008E5631BB2864400A865FC /* Info.plist */,
			);
			name = "Supporting Files";
			sourceTree = "<group>";
		};
		3008E5A51BB290A800A865FC /* Classes */ = {
			isa = PBXGroup;
			children = (
				3008E6DD1BB6BC7700A865FC /* Tool（业务逻辑） */,
				3008E5AC1BB290A800A865FC /* Home（首页） */,
				3008E6EA1BB6BC8500A865FC /* Content（内容） */,
				30EFAC821BC62FAB0034F079 /* comment（评论） */,
				3008E5C01BB290A800A865FC /* Setting（设置） */,
				3008E5A61BB290A800A865FC /* Favourite（收藏） */,
				3008E5B21BB290A800A865FC /* Lib（第三方库） */,
				3008E5B31BB290A800A865FC /* Main（主框架） */,
				3008E5B71BB290A800A865FC /* Others */,
			);
			path = Classes;
			sourceTree = "<group>";
		};
		3008E5A61BB290A800A865FC /* Favourite（收藏） */ = {
			isa = PBXGroup;
			children = (
				3008E5A71BB290A800A865FC /* Controller */,
				3008E5AA1BB290A800A865FC /* Model */,
				3008E5AB1BB290A800A865FC /* View */,
			);
			name = "Favourite（收藏）";
			path = Favourite;
			sourceTree = "<group>";
		};
		3008E5A71BB290A800A865FC /* Controller */ = {
			isa = PBXGroup;
			children = (
				3008E5D51BB2A0CA00A865FC /* XSFavouriteController.h */,
				3008E5D61BB2A0CA00A865FC /* XSFavouriteController.m */,
			);
			path = Controller;
			sourceTree = "<group>";
		};
		3008E5AA1BB290A800A865FC /* Model */ = {
			isa = PBXGroup;
			children = (
			);
			path = Model;
			sourceTree = "<group>";
		};
		3008E5AB1BB290A800A865FC /* View */ = {
			isa = PBXGroup;
			children = (
			);
			path = View;
			sourceTree = "<group>";
		};
		3008E5AC1BB290A800A865FC /* Home（首页） */ = {
			isa = PBXGroup;
			children = (
				3008E5AD1BB290A800A865FC /* Controller */,
				3008E5B01BB290A800A865FC /* Model */,
				3008E5B11BB290A800A865FC /* View */,
			);
			name = "Home（首页）";
			path = Home;
			sourceTree = "<group>";
		};
		3008E5AD1BB290A800A865FC /* Controller */ = {
			isa = PBXGroup;
			children = (
				3008E5AE1BB290A800A865FC /* XSHomeController.h */,
				3008E5AF1BB290A800A865FC /* XSHomeController.m */,
			);
			path = Controller;
			sourceTree = "<group>";
		};
		3008E5B01BB290A800A865FC /* Model */ = {
			isa = PBXGroup;
			children = (
				3008E65A1BB2D44400A865FC /* XSResult.h */,
				3008E65B1BB2D44400A865FC /* XSResult.m */,
				3008E65D1BB2D50D00A865FC /* XSStories.h */,
				3008E65E1BB2D50D00A865FC /* XSStories.m */,
				3008E6601BB2D51F00A865FC /* XSTopStories.h */,
				3008E6611BB2D51F00A865FC /* XSTopStories.m */,
			);
			path = Model;
			sourceTree = "<group>";
		};
		3008E5B11BB290A800A865FC /* View */ = {
			isa = PBXGroup;
			children = (
				3008E66D1BB3BB3E00A865FC /* XSStoriesCell.h */,
				3008E66E1BB3BB3E00A865FC /* XSStoriesCell.m */,
				30E44DD01BD3F99B00E2F1EF /* XSHeadView.h */,
				30E44DD11BD3F99B00E2F1EF /* XSHeadView.m */,
			);
			path = View;
			sourceTree = "<group>";
		};
		3008E5B21BB290A800A865FC /* Lib（第三方库） */ = {
			isa = PBXGroup;
			children = (
				304486081BDFD71200FD8091 /* LaunchView */,
				3008E6F41BB6BDFC00A865FC /* Reachability */,
				3008E6701BB3BEE100A865FC /* SDWebImage */,
				3008E5EA1BB2CFE500A865FC /* AFNetworking */,
				3008E5FE1BB2CFE500A865FC /* MBProgressHUD */,
				3008E6041BB2CFE500A865FC /* MJExtension */,
				3008E6141BB2CFE500A865FC /* MJRefresh */,
				3008E6251BB2CFE500A865FC /* SDCycleScrollView */,
			);
			name = "Lib（第三方库）";
			path = Lib;
			sourceTree = "<group>";
		};
		3008E5B31BB290A800A865FC /* Main（主框架） */ = {
			isa = PBXGroup;
			children = (
				3008E5B41BB290A800A865FC /* Controller */,
				3008E5B51BB290A800A865FC /* Model */,
				3008E5B61BB290A800A865FC /* View */,
			);
			name = "Main（主框架）";
			path = Main;
			sourceTree = "<group>";
		};
		3008E5B41BB290A800A865FC /* Controller */ = {
			isa = PBXGroup;
			children = (
				3008E5CF1BB2916E00A865FC /* XSNavigationController.h */,
				3008E5D01BB2916E00A865FC /* XSNavigationController.m */,
			);
			path = Controller;
			sourceTree = "<group>";
		};
		3008E5B51BB290A800A865FC /* Model */ = {
			isa = PBXGroup;
			children = (
			);
			path = Model;
			sourceTree = "<group>";
		};
		3008E5B61BB290A800A865FC /* View */ = {
			isa = PBXGroup;
			children = (
			);
			path = View;
			sourceTree = "<group>";
		};
		3008E5B71BB290A800A865FC /* Others */ = {
			isa = PBXGroup;
			children = (
				3008E5CE1BB290DF00A865FC /* Category */,
				3008E5B81BB290A800A865FC /* AppDelegate.h */,
				3008E5B91BB290A800A865FC /* AppDelegate.m */,
				3008E5BA1BB290A800A865FC /* main.m */,
				3008E5BF1BB290A800A865FC /* XSProject.pch */,
			);
			path = Others;
			sourceTree = "<group>";
		};
		3008E5C01BB290A800A865FC /* Setting（设置） */ = {
			isa = PBXGroup;
			children = (
				3008E5C11BB290A800A865FC /* Controller */,
				3008E5C41BB290A800A865FC /* Model */,
				3008E5C51BB290A800A865FC /* View */,
			);
			name = "Setting（设置）";
			path = Setting;
			sourceTree = "<group>";
		};
		3008E5C11BB290A800A865FC /* Controller */ = {
			isa = PBXGroup;
			children = (
				3008E5D21BB293DF00A865FC /* XSSettingController.h */,
				3008E5D31BB293DF00A865FC /* XSSettingController.m */,
				3008E6671BB3B65F00A865FC /* XSAboutController.h */,
				3008E6681BB3B65F00A865FC /* XSAboutController.m */,
				3008E66A1BB3B7F000A865FC /* XSDonateController.h */,
				3008E66B1BB3B7F000A865FC /* XSDonateController.m */,
			);
			path = Controller;
			sourceTree = "<group>";
		};
		3008E5C41BB290A800A865FC /* Model */ = {
			isa = PBXGroup;
			children = (
				3008E5DE1BB2C34D00A865FC /* setting.plist */,
				3008E5E01BB2C53C00A865FC /* XSSetting.h */,
				3008E5E11BB2C53C00A865FC /* XSSetting.m */,
			);
			path = Model;
			sourceTree = "<group>";
		};
		3008E5C51BB290A800A865FC /* View */ = {
			isa = PBXGroup;
			children = (
			);
			path = View;
			sourceTree = "<group>";
		};
		3008E5CE1BB290DF00A865FC /* Category */ = {
			isa = PBXGroup;
			children = (
				3008E5DB1BB2A6BB00A865FC /* UIBarButtonItem+XSNaviItem.h */,
				3008E5DC1BB2A6BB00A865FC /* UIBarButtonItem+XSNaviItem.m */,
				3008E5BB1BB290A800A865FC /* UIImage+Image.h */,
				3008E5BC1BB290A800A865FC /* UIImage+Image.m */,
				3008E5BD1BB290A800A865FC /* UIView+Frame.h */,
				3008E5BE1BB290A800A865FC /* UIView+Frame.m */,
				30FAF7951BB9675100154B3A /* NSString+XSDate.h */,
				30FAF7961BB9675100154B3A /* NSString+XSDate.m */,
			);
			name = Category;
			sourceTree = "<group>";
		};
		3008E5EA1BB2CFE500A865FC /* AFNetworking */ = {
			isa = PBXGroup;
			children = (
				3008E5EB1BB2CFE500A865FC /* AFHTTPRequestOperation.h */,
				3008E5EC1BB2CFE500A865FC /* AFHTTPRequestOperation.m */,
				3008E5ED1BB2CFE500A865FC /* AFHTTPRequestOperationManager.h */,
				3008E5EE1BB2CFE500A865FC /* AFHTTPRequestOperationManager.m */,
				3008E5EF1BB2CFE500A865FC /* AFHTTPSessionManager.h */,
				3008E5F01BB2CFE500A865FC /* AFHTTPSessionManager.m */,
				3008E5F11BB2CFE500A865FC /* AFNetworking.h */,
				3008E5F21BB2CFE500A865FC /* AFNetworkReachabilityManager.h */,
				3008E5F31BB2CFE500A865FC /* AFNetworkReachabilityManager.m */,
				3008E5F41BB2CFE500A865FC /* AFSecurityPolicy.h */,
				3008E5F51BB2CFE500A865FC /* AFSecurityPolicy.m */,
				3008E5F61BB2CFE500A865FC /* AFURLConnectionOperation.h */,
				3008E5F71BB2CFE500A865FC /* AFURLConnectionOperation.m */,
				3008E5F81BB2CFE500A865FC /* AFURLRequestSerialization.h */,
				3008E5F91BB2CFE500A865FC /* AFURLRequestSerialization.m */,
				3008E5FA1BB2CFE500A865FC /* AFURLResponseSerialization.h */,
				3008E5FB1BB2CFE500A865FC /* AFURLResponseSerialization.m */,
				3008E5FC1BB2CFE500A865FC /* AFURLSessionManager.h */,
				3008E5FD1BB2CFE500A865FC /* AFURLSessionManager.m */,
			);
			path = AFNetworking;
			sourceTree = "<group>";
		};
		3008E5FE1BB2CFE500A865FC /* MBProgressHUD */ = {
			isa = PBXGroup;
			children = (
				3008E5FF1BB2CFE500A865FC /* MBProgressHUD+Extend.h */,
				3008E6001BB2CFE500A865FC /* MBProgressHUD+Extend.m */,
				3008E6011BB2CFE500A865FC /* MBProgressHUD.bundle */,
				3008E6021BB2CFE500A865FC /* MBProgressHUD.h */,
				3008E6031BB2CFE500A865FC /* MBProgressHUD.m */,
			);
			path = MBProgressHUD;
			sourceTree = "<group>";
		};
		3008E6041BB2CFE500A865FC /* MJExtension */ = {
			isa = PBXGroup;
			children = (
				3008E6051BB2CFE500A865FC /* MJConst.h */,
				3008E6061BB2CFE500A865FC /* MJConst.m */,
				3008E6071BB2CFE500A865FC /* MJExtension.h */,
				3008E6081BB2CFE500A865FC /* MJFoundation.h */,
				3008E6091BB2CFE500A865FC /* MJFoundation.m */,
				3008E60A1BB2CFE500A865FC /* MJIvar.h */,
				3008E60B1BB2CFE500A865FC /* MJIvar.m */,
				3008E60C1BB2CFE500A865FC /* MJType.h */,
				3008E60D1BB2CFE500A865FC /* MJType.m */,
				3008E60E1BB2CFE500A865FC /* NSObject+MJCoding.h */,
				3008E60F1BB2CFE500A865FC /* NSObject+MJCoding.m */,
				3008E6101BB2CFE500A865FC /* NSObject+MJIvar.h */,
				3008E6111BB2CFE500A865FC /* NSObject+MJIvar.m */,
				3008E6121BB2CFE500A865FC /* NSObject+MJKeyValue.h */,
				3008E6131BB2CFE500A865FC /* NSObject+MJKeyValue.m */,
			);
			path = MJExtension;
			sourceTree = "<group>";
		};
		3008E6141BB2CFE500A865FC /* MJRefresh */ = {
			isa = PBXGroup;
			children = (
				3008E6151BB2CFE500A865FC /* MJRefresh.bundle */,
				3008E6161BB2CFE500A865FC /* MJRefresh.h */,
				3008E6171BB2CFE500A865FC /* MJRefreshBaseView.h */,
				3008E6181BB2CFE500A865FC /* MJRefreshBaseView.m */,
				3008E6191BB2CFE500A865FC /* MJRefreshConst.h */,
				3008E61A1BB2CFE500A865FC /* MJRefreshConst.m */,
				3008E61B1BB2CFE500A865FC /* MJRefreshFooterView.h */,
				3008E61C1BB2CFE500A865FC /* MJRefreshFooterView.m */,
				3008E61D1BB2CFE500A865FC /* MJRefreshHeaderView.h */,
				3008E61E1BB2CFE500A865FC /* MJRefreshHeaderView.m */,
				3008E61F1BB2CFE500A865FC /* UIScrollView+MJExtension.h */,
				3008E6201BB2CFE500A865FC /* UIScrollView+MJExtension.m */,
				3008E6211BB2CFE500A865FC /* UIScrollView+MJRefresh.h */,
				3008E6221BB2CFE500A865FC /* UIScrollView+MJRefresh.m */,
				3008E6231BB2CFE500A865FC /* UIView+MJExtension.h */,
				3008E6241BB2CFE500A865FC /* UIView+MJExtension.m */,
			);
			path = MJRefresh;
			sourceTree = "<group>";
		};
		3008E6251BB2CFE500A865FC /* SDCycleScrollView */ = {
			isa = PBXGroup;
			children = (
				3008E6261BB2CFE500A865FC /* NSData+SDDataCache.h */,
				3008E6271BB2CFE500A865FC /* NSData+SDDataCache.m */,
				3008E6281BB2CFE500A865FC /* PageControl */,
				3008E6311BB2CFE500A865FC /* SDCollectionViewCell.h */,
				3008E6321BB2CFE500A865FC /* SDCollectionViewCell.m */,
				3008E6331BB2CFE500A865FC /* SDCycleScrollView.h */,
				3008E6341BB2CFE500A865FC /* SDCycleScrollView.m */,
				3008E6351BB2CFE500A865FC /* UIView+SDExtension.h */,
				3008E6361BB2CFE500A865FC /* UIView+SDExtension.m */,
			);
			path = SDCycleScrollView;
			sourceTree = "<group>";
		};
		3008E6281BB2CFE500A865FC /* PageControl */ = {
			isa = PBXGroup;
			children = (
				3008E6291BB2CFE500A865FC /* TAAbstractDotView.h */,
				3008E62A1BB2CFE500A865FC /* TAAbstractDotView.m */,
				3008E62B1BB2CFE500A865FC /* TAAnimatedDotView.h */,
				3008E62C1BB2CFE500A865FC /* TAAnimatedDotView.m */,
				3008E62D1BB2CFE500A865FC /* TADotView.h */,
				3008E62E1BB2CFE500A865FC /* TADotView.m */,
				3008E62F1BB2CFE500A865FC /* TAPageControl.h */,
				3008E6301BB2CFE500A865FC /* TAPageControl.m */,
			);
			path = PageControl;
			sourceTree = "<group>";
		};
		3008E6701BB3BEE100A865FC /* SDWebImage */ = {
			isa = PBXGroup;
			children = (
				3008E6711BB3BEE100A865FC /* MKAnnotationView+WebCache.h */,
				3008E6721BB3BEE100A865FC /* MKAnnotationView+WebCache.m */,
				3008E6731BB3BEE100A865FC /* NSData+ImageContentType.h */,
				3008E6741BB3BEE100A865FC /* NSData+ImageContentType.m */,
				3008E6751BB3BEE100A865FC /* SDImageCache.h */,
				3008E6761BB3BEE100A865FC /* SDImageCache.m */,
				3008E6771BB3BEE100A865FC /* SDWebImageCompat.h */,
				3008E6781BB3BEE100A865FC /* SDWebImageCompat.m */,
				3008E6791BB3BEE100A865FC /* SDWebImageDecoder.h */,
				3008E67A1BB3BEE100A865FC /* SDWebImageDecoder.m */,
				3008E67B1BB3BEE100A865FC /* SDWebImageDownloader.h */,
				3008E67C1BB3BEE100A865FC /* SDWebImageDownloader.m */,
				3008E67D1BB3BEE100A865FC /* SDWebImageDownloaderOperation.h */,
				3008E67E1BB3BEE100A865FC /* SDWebImageDownloaderOperation.m */,
				3008E67F1BB3BEE100A865FC /* SDWebImageManager.h */,
				3008E6801BB3BEE100A865FC /* SDWebImageManager.m */,
				3008E6811BB3BEE100A865FC /* SDWebImageOperation.h */,
				3008E6821BB3BEE100A865FC /* SDWebImagePrefetcher.h */,
				3008E6831BB3BEE100A865FC /* SDWebImagePrefetcher.m */,
				3008E6841BB3BEE100A865FC /* UIButton+WebCache.h */,
				3008E6851BB3BEE100A865FC /* UIButton+WebCache.m */,
				3008E6861BB3BEE100A865FC /* UIImage+GIF.h */,
				3008E6871BB3BEE100A865FC /* UIImage+GIF.m */,
				3008E6881BB3BEE100A865FC /* UIImage+MultiFormat.h */,
				3008E6891BB3BEE100A865FC /* UIImage+MultiFormat.m */,
				3008E68A1BB3BEE100A865FC /* UIImage+WebP.h */,
				3008E68B1BB3BEE100A865FC /* UIImage+WebP.m */,
				3008E68C1BB3BEE100A865FC /* UIImageView+HighlightedWebCache.h */,
				3008E68D1BB3BEE100A865FC /* UIImageView+HighlightedWebCache.m */,
				3008E68E1BB3BEE100A865FC /* UIImageView+WebCache.h */,
				3008E68F1BB3BEE100A865FC /* UIImageView+WebCache.m */,
				3008E6901BB3BEE100A865FC /* UIView+WebCacheOperation.h */,
				3008E6911BB3BEE100A865FC /* UIView+WebCacheOperation.m */,
			);
			path = SDWebImage;
			sourceTree = "<group>";
		};
		3008E6DD1BB6BC7700A865FC /* Tool（业务逻辑） */ = {
			isa = PBXGroup;
			children = (
				309BF0E71BDE5A0F00B8A5B6 /* StoreTool */,
				3003C6331BD60A150042339A /* New Group */,
				30A24AA71BD0AA3B00A88709 /* CacheTool */,
				30FEFE9A1BBD3C9300AE084D /* cleanCache（清除缓存） */,
				3008E6FE1BB6F8E300A865FC /* HttpTool（网络请求） */,
				3008E6FB1BB6F8A700A865FC /* CssFileTool（css文件） */,
			);
			name = "Tool（业务逻辑）";
			path = Tool;
			sourceTree = "<group>";
		};
		3008E6EA1BB6BC8500A865FC /* Content（内容） */ = {
			isa = PBXGroup;
			children = (
				3008E6EB1BB6BC8500A865FC /* Controller */,
				3008E6EE1BB6BC8500A865FC /* Model */,
				3008E6EF1BB6BC8500A865FC /* View */,
			);
			name = "Content（内容）";
			path = Content;
			sourceTree = "<group>";
		};
		3008E6EB1BB6BC8500A865FC /* Controller */ = {
			isa = PBXGroup;
			children = (
				3008E6EC1BB6BC8500A865FC /* XSContentController.h */,
				3008E6ED1BB6BC8500A865FC /* XSContentController.m */,
			);
			path = Controller;
			sourceTree = "<group>";
		};
		3008E6EE1BB6BC8500A865FC /* Model */ = {
			isa = PBXGroup;
			children = (
				3008E6F81BB6D27400A865FC /* XSContentResult.h */,
				3008E6F91BB6D27400A865FC /* XSContentResult.m */,
			);
			path = Model;
			sourceTree = "<group>";
		};
		3008E6EF1BB6BC8500A865FC /* View */ = {
			isa = PBXGroup;
			children = (
				309BF07C1BDE272900B8A5B6 /* SpinKit */,
				3008E6F11BB6BCE400A865FC /* XSToolView.h */,
				3008E6F21BB6BCE400A865FC /* XSToolView.m */,
			);
			path = View;
			sourceTree = "<group>";
		};
		3008E6F41BB6BDFC00A865FC /* Reachability */ = {
			isa = PBXGroup;
			children = (
				3008E6F51BB6BDFC00A865FC /* Reachability.h */,
				3008E6F61BB6BDFC00A865FC /* Reachability.m */,
			);
			path = Reachability;
			sourceTree = "<group>";
		};
		3008E6FB1BB6F8A700A865FC /* CssFileTool（css文件） */ = {
			isa = PBXGroup;
			children = (
				3008E6DE1BB6BC7700A865FC /* XSCssFile.h */,
				3008E6DF1BB6BC7700A865FC /* XSCssFile.m */,
			);
			name = "CssFileTool（css文件）";
			sourceTree = "<group>";
		};
		3008E6FC1BB6F8B600A865FC /* VCRequest（业务请求） */ = {
			isa = PBXGroup;
			children = (
				3008E6E21BB6BC7700A865FC /* XSResultTool.h */,
				3008E6E31BB6BC7700A865FC /* XSResultTool.m */,
			);
			name = "VCRequest（业务请求）";
			sourceTree = "<group>";
		};
		3008E6FE1BB6F8E300A865FC /* HttpTool（网络请求） */ = {
			isa = PBXGroup;
			children = (
				3008E6E01BB6BC7700A865FC /* XSHttpTool.h */,
				3008E6E11BB6BC7700A865FC /* XSHttpTool.m */,
				3008E6E41BB6BC7700A865FC /* XSTestNet.h */,
				3008E6E51BB6BC7700A865FC /* XSTestNet.m */,
				3008E6FC1BB6F8B600A865FC /* VCRequest（业务请求） */,
			);
			name = "HttpTool（网络请求）";
			sourceTree = "<group>";
		};
		304486081BDFD71200FD8091 /* LaunchView */ = {
			isa = PBXGroup;
			children = (
				304486091BDFD71200FD8091 /* YFStartView.h */,
				3044860A1BDFD71200FD8091 /* YFStartView.m */,
			);
			path = LaunchView;
			sourceTree = "<group>";
		};
		309BF07C1BDE272900B8A5B6 /* SpinKit */ = {
			isa = PBXGroup;
			children = (
				309BF07D1BDE272900B8A5B6 /* RTSpinKitView.h */,
				309BF07E1BDE272900B8A5B6 /* RTSpinKitView.m */,
			);
			path = SpinKit;
			sourceTree = "<group>";
		};
		309BF0E71BDE5A0F00B8A5B6 /* StoreTool */ = {
			isa = PBXGroup;
			children = (
			);
			name = StoreTool;
			sourceTree = "<group>";
		};
		30A24AA71BD0AA3B00A88709 /* CacheTool */ = {
			isa = PBXGroup;
			children = (
				30A24AA41BD0AA2E00A88709 /* XSCacheTool.h */,
				30A24AA51BD0AA2E00A88709 /* XSCacheTool.m */,
			);
			name = CacheTool;
			sourceTree = "<group>";
		};
		30EFAC821BC62FAB0034F079 /* comment（评论） */ = {
			isa = PBXGroup;
			children = (
				30EFAC831BC62FAB0034F079 /* Controller */,
				30EFAC841BC62FAB0034F079 /* Model */,
				30EFAC851BC62FAB0034F079 /* View */,
			);
			name = "comment（评论）";
			path = comment;
			sourceTree = "<group>";
		};
		30EFAC831BC62FAB0034F079 /* Controller */ = {
			isa = PBXGroup;
			children = (
			);
			path = Controller;
			sourceTree = "<group>";
		};
		30EFAC841BC62FAB0034F079 /* Model */ = {
			isa = PBXGroup;
			children = (
			);
			path = Model;
			sourceTree = "<group>";
		};
		30EFAC851BC62FAB0034F079 /* View */ = {
			isa = PBXGroup;
			children = (
			);
			path = View;
			sourceTree = "<group>";
		};
		30FEFE9A1BBD3C9300AE084D /* cleanCache（清除缓存） */ = {
			isa = PBXGroup;
			children = (
				30FEFE971BBD2BDD00AE084D /* XSRemoveCache.h */,
				30FEFE981BBD2BDD00AE084D /* XSRemoveCache.m */,
			);
			name = "cleanCache（清除缓存）";
			sourceTree = "<group>";
		};
/* End PBXGroup section */

/* Begin PBXNativeTarget section */
		3008E5441BB2864300A865FC /* zhiHu2.0 */ = {
			isa = PBXNativeTarget;
			buildConfigurationList = 3008E5681BB2864400A865FC /* Build configuration list for PBXNativeTarget "zhiHu2.0" */;
			buildPhases = (
				3008E5411BB2864300A865FC /* Sources */,
				3008E5421BB2864300A865FC /* Frameworks */,
				3008E5431BB2864300A865FC /* Resources */,
			);
			buildRules = (
			);
			dependencies = (
			);
			name = zhiHu2.0;
			productName = zhiHu2.0;
			productReference = 3008E5451BB2864300A865FC /* zhiHu2.0.app */;
			productType = "com.apple.product-type.application";
		};
		3008E55D1BB2864400A865FC /* zhiHu2.0Tests */ = {
			isa = PBXNativeTarget;
			buildConfigurationList = 3008E56B1BB2864400A865FC /* Build configuration list for PBXNativeTarget "zhiHu2.0Tests" */;
			buildPhases = (
				3008E55A1BB2864400A865FC /* Sources */,
				3008E55B1BB2864400A865FC /* Frameworks */,
				3008E55C1BB2864400A865FC /* Resources */,
			);
			buildRules = (
			);
			dependencies = (
				3008E5601BB2864400A865FC /* PBXTargetDependency */,
			);
			name = zhiHu2.0Tests;
			productName = zhiHu2.0Tests;
			productReference = 3008E55E1BB2864400A865FC /* zhiHu2.0Tests.xctest */;
			productType = "com.apple.product-type.bundle.unit-test";
		};
/* End PBXNativeTarget section */

/* Begin PBXProject section */
		3008E53D1BB2864300A865FC /* Project object */ = {
			isa = PBXProject;
			attributes = {
				CLASSPREFIX = XS;
				LastUpgradeCheck = 0640;
				ORGANIZATIONNAME = com.xsdota;
				TargetAttributes = {
					3008E5441BB2864300A865FC = {
						CreatedOnToolsVersion = 6.4;
					};
					3008E55D1BB2864400A865FC = {
						CreatedOnToolsVersion = 6.4;
						TestTargetID = 3008E5441BB2864300A865FC;
					};
				};
			};
			buildConfigurationList = 3008E5401BB2864300A865FC /* Build configuration list for PBXProject "zhiHu2.0" */;
			compatibilityVersion = "Xcode 3.2";
			developmentRegion = English;
			hasScannedForEncodings = 0;
			knownRegions = (
				en,
				Base,
			);
			mainGroup = 3008E53C1BB2864300A865FC;
			productRefGroup = 3008E5461BB2864300A865FC /* Products */;
			projectDirPath = "";
			projectRoot = "";
			targets = (
				3008E5441BB2864300A865FC /* zhiHu2.0 */,
				3008E55D1BB2864400A865FC /* zhiHu2.0Tests */,
			);
		};
/* End PBXProject section */

/* Begin PBXResourcesBuildPhase section */
		3008E5431BB2864300A865FC /* Resources */ = {
			isa = PBXResourcesBuildPhase;
			buildActionMask = 2147483647;
			files = (
				3008E5DF1BB2C34D00A865FC /* setting.plist in Resources */,
				3008E6411BB2CFE500A865FC /* MBProgressHUD.bundle in Resources */,
				3008E5591BB2864300A865FC /* LaunchScreen.xib in Resources */,
				3008E64A1BB2CFE500A865FC /* MJRefresh.bundle in Resources */,
				3008E5561BB2864300A865FC /* Images.xcassets in Resources */,
			);
			runOnlyForDeploymentPostprocessing = 0;
		};
		3008E55C1BB2864400A865FC /* Resources */ = {
			isa = PBXResourcesBuildPhase;
			buildActionMask = 2147483647;
			files = (
			);
			runOnlyForDeploymentPostprocessing = 0;
		};
/* End PBXResourcesBuildPhase section */

/* Begin PBXSourcesBuildPhase section */
		3008E5411BB2864300A865FC /* Sources */ = {
			isa = PBXSourcesBuildPhase;
			buildActionMask = 2147483647;
			files = (
				3008E6F01BB6BC8500A865FC /* XSContentController.m in Sources */,
				30E44DD21BD3F99B00E2F1EF /* XSHeadView.m in Sources */,
				3008E64D1BB2CFE500A865FC /* MJRefreshFooterView.m in Sources */,
				3008E6471BB2CFE500A865FC /* NSObject+MJCoding.m in Sources */,
				3008E64E1BB2CFE500A865FC /* MJRefreshHeaderView.m in Sources */,
				3008E69E1BB3BEE100A865FC /* UIImage+WebP.m in Sources */,
				3008E6371BB2CFE500A865FC /* AFHTTPRequestOperation.m in Sources */,
				3008E5D41BB293DF00A865FC /* XSSettingController.m in Sources */,
				3008E65C1BB2D44400A865FC /* XSResult.m in Sources */,
				3008E6421BB2CFE500A865FC /* MBProgressHUD.m in Sources */,
				3008E5E21BB2C53C00A865FC /* XSSetting.m in Sources */,
				3008E6581BB2CFE500A865FC /* SDCycleScrollView.m in Sources */,
				3008E6551BB2CFE500A865FC /* TADotView.m in Sources */,
				3008E6571BB2CFE500A865FC /* SDCollectionViewCell.m in Sources */,
				3008E6531BB2CFE500A865FC /* TAAbstractDotView.m in Sources */,
				3008E6541BB2CFE500A865FC /* TAAnimatedDotView.m in Sources */,
				3008E6931BB3BEE100A865FC /* NSData+ImageContentType.m in Sources */,
				3008E6451BB2CFE500A865FC /* MJIvar.m in Sources */,
				3008E6591BB2CFE500A865FC /* UIView+SDExtension.m in Sources */,
				3008E69B1BB3BEE100A865FC /* UIButton+WebCache.m in Sources */,
				3008E65F1BB2D50D00A865FC /* XSStories.m in Sources */,
				3008E63F1BB2CFE500A865FC /* AFURLSessionManager.m in Sources */,
				3008E64F1BB2CFE500A865FC /* UIScrollView+MJExtension.m in Sources */,
				30A24AA61BD0AA2E00A88709 /* XSCacheTool.m in Sources */,
				3008E5CC1BB290A800A865FC /* UIView+Frame.m in Sources */,
				3008E69A1BB3BEE100A865FC /* SDWebImagePrefetcher.m in Sources */,
				3008E63C1BB2CFE500A865FC /* AFURLConnectionOperation.m in Sources */,
				3008E6951BB3BEE100A865FC /* SDWebImageCompat.m in Sources */,
				3008E6521BB2CFE500A865FC /* NSData+SDDataCache.m in Sources */,
				3008E6381BB2CFE500A865FC /* AFHTTPRequestOperationManager.m in Sources */,
				3008E6461BB2CFE500A865FC /* MJType.m in Sources */,
				3008E63A1BB2CFE500A865FC /* AFNetworkReachabilityManager.m in Sources */,
				3044860B1BDFD71200FD8091 /* YFStartView.m in Sources */,
				3008E6511BB2CFE500A865FC /* UIView+MJExtension.m in Sources */,
				3008E6E61BB6BC7700A865FC /* XSCssFile.m in Sources */,
				3008E6E71BB6BC7700A865FC /* XSHttpTool.m in Sources */,
				3008E6961BB3BEE100A865FC /* SDWebImageDecoder.m in Sources */,
				3008E6F71BB6BDFC00A865FC /* Reachability.m in Sources */,
				3008E6431BB2CFE500A865FC /* MJConst.m in Sources */,
				3008E5CB1BB290A800A865FC /* UIImage+Image.m in Sources */,
				3008E5DD1BB2A6BB00A865FC /* UIBarButtonItem+XSNaviItem.m in Sources */,
				3008E63B1BB2CFE500A865FC /* AFSecurityPolicy.m in Sources */,
				3008E6F31BB6BCE400A865FC /* XSToolView.m in Sources */,
				3008E66F1BB3BB3E00A865FC /* XSStoriesCell.m in Sources */,
				3008E5D11BB2916E00A865FC /* XSNavigationController.m in Sources */,
				3008E69F1BB3BEE100A865FC /* UIImageView+HighlightedWebCache.m in Sources */,
				309BF07F1BDE272900B8A5B6 /* RTSpinKitView.m in Sources */,
				3008E64B1BB2CFE500A865FC /* MJRefreshBaseView.m in Sources */,
				3008E6621BB2D51F00A865FC /* XSTopStories.m in Sources */,
				3008E63D1BB2CFE500A865FC /* AFURLRequestSerialization.m in Sources */,
				3008E6A11BB3BEE100A865FC /* UIView+WebCacheOperation.m in Sources */,
				3008E5C81BB290A800A865FC /* XSHomeController.m in Sources */,
				3008E6941BB3BEE100A865FC /* SDImageCache.m in Sources */,
				3008E6A01BB3BEE100A865FC /* UIImageView+WebCache.m in Sources */,
				3008E63E1BB2CFE500A865FC /* AFURLResponseSerialization.m in Sources */,
				3008E69C1BB3BEE100A865FC /* UIImage+GIF.m in Sources */,
				30FAF7971BB9675100154B3A /* NSString+XSDate.m in Sources */,
				3008E5CA1BB290A800A865FC /* main.m in Sources */,
				3008E64C1BB2CFE500A865FC /* MJRefreshConst.m in Sources */,
				3008E6391BB2CFE500A865FC /* AFHTTPSessionManager.m in Sources */,
				3008E6E91BB6BC7700A865FC /* XSTestNet.m in Sources */,
				3008E5D71BB2A0CA00A865FC /* XSFavouriteController.m in Sources */,
				3008E66C1BB3B7F000A865FC /* XSDonateController.m in Sources */,
				3008E6561BB2CFE500A865FC /* TAPageControl.m in Sources */,
				3008E5C91BB290A800A865FC /* AppDelegate.m in Sources */,
				3008E69D1BB3BEE100A865FC /* UIImage+MultiFormat.m in Sources */,
				3008E6481BB2CFE500A865FC /* NSObject+MJIvar.m in Sources */,
				3008E6501BB2CFE500A865FC /* UIScrollView+MJRefresh.m in Sources */,
				3008E6691BB3B65F00A865FC /* XSAboutController.m in Sources */,
				3008E6991BB3BEE100A865FC /* SDWebImageManager.m in Sources */,
				3008E6E81BB6BC7700A865FC /* XSResultTool.m in Sources */,
				3008E6971BB3BEE100A865FC /* SDWebImageDownloader.m in Sources */,
				3008E6441BB2CFE500A865FC /* MJFoundation.m in Sources */,
				3008E6981BB3BEE100A865FC /* SDWebImageDownloaderOperation.m in Sources */,
				30FEFE991BBD2BDD00AE084D /* XSRemoveCache.m in Sources */,
				3008E6921BB3BEE100A865FC /* MKAnnotationView+WebCache.m in Sources */,
				3008E6491BB2CFE500A865FC /* NSObject+MJKeyValue.m in Sources */,
				3008E6FA1BB6D27400A865FC /* XSContentResult.m in Sources */,
				3008E6401BB2CFE500A865FC /* MBProgressHUD+Extend.m in Sources */,
			);
			runOnlyForDeploymentPostprocessing = 0;
		};
		3008E55A1BB2864400A865FC /* Sources */ = {
			isa = PBXSourcesBuildPhase;
			buildActionMask = 2147483647;
			files = (
				3008E5651BB2864400A865FC /* zhiHu2_0Tests.m in Sources */,
			);
			runOnlyForDeploymentPostprocessing = 0;
		};
/* End PBXSourcesBuildPhase section */

/* Begin PBXTargetDependency section */
		3008E5601BB2864400A865FC /* PBXTargetDependency */ = {
			isa = PBXTargetDependency;
			target = 3008E5441BB2864300A865FC /* zhiHu2.0 */;
			targetProxy = 3008E55F1BB2864400A865FC /* PBXContainerItemProxy */;
		};
/* End PBXTargetDependency section */

/* Begin PBXVariantGroup section */
		3008E5571BB2864300A865FC /* LaunchScreen.xib */ = {
			isa = PBXVariantGroup;
			children = (
				3008E5581BB2864300A865FC /* Base */,
			);
			name = LaunchScreen.xib;
			sourceTree = "<group>";
		};
/* End PBXVariantGroup section */

/* Begin XCBuildConfiguration section */
		3008E5661BB2864400A865FC /* Debug */ = {
			isa = XCBuildConfiguration;
			buildSettings = {
				ALWAYS_SEARCH_USER_PATHS = NO;
				CLANG_CXX_LANGUAGE_STANDARD = "gnu++0x";
				CLANG_CXX_LIBRARY = "libc++";
				CLANG_ENABLE_MODULES = YES;
				CLANG_ENABLE_OBJC_ARC = YES;
				CLANG_WARN_BOOL_CONVERSION = YES;
				CLANG_WARN_CONSTANT_CONVERSION = YES;
				CLANG_WARN_DIRECT_OBJC_ISA_USAGE = YES_ERROR;
				CLANG_WARN_EMPTY_BODY = YES;
				CLANG_WARN_ENUM_CONVERSION = YES;
				CLANG_WARN_INT_CONVERSION = YES;
				CLANG_WARN_OBJC_ROOT_CLASS = YES_ERROR;
				CLANG_WARN_UNREACHABLE_CODE = YES;
				CLANG_WARN__DUPLICATE_METHOD_MATCH = YES;
				"CODE_SIGN_IDENTITY[sdk=iphoneos*]" = "iPhone Developer";
				COPY_PHASE_STRIP = NO;
				DEBUG_INFORMATION_FORMAT = "dwarf-with-dsym";
				ENABLE_STRICT_OBJC_MSGSEND = YES;
				GCC_C_LANGUAGE_STANDARD = gnu99;
				GCC_DYNAMIC_NO_PIC = NO;
				GCC_NO_COMMON_BLOCKS = YES;
				GCC_OPTIMIZATION_LEVEL = 0;
				GCC_PREPROCESSOR_DEFINITIONS = (
					"DEBUG=1",
					"$(inherited)",
				);
				GCC_SYMBOLS_PRIVATE_EXTERN = NO;
				GCC_WARN_64_TO_32_BIT_CONVERSION = YES;
				GCC_WARN_ABOUT_RETURN_TYPE = YES_ERROR;
				GCC_WARN_UNDECLARED_SELECTOR = YES;
				GCC_WARN_UNINITIALIZED_AUTOS = YES_AGGRESSIVE;
				GCC_WARN_UNUSED_FUNCTION = YES;
				GCC_WARN_UNUSED_VARIABLE = YES;
				IPHONEOS_DEPLOYMENT_TARGET = 8.4;
				MTL_ENABLE_DEBUG_INFO = YES;
				ONLY_ACTIVE_ARCH = YES;
				SDKROOT = iphoneos;
			};
			name = Debug;
		};
		3008E5671BB2864400A865FC /* Release */ = {
			isa = XCBuildConfiguration;
			buildSettings = {
				ALWAYS_SEARCH_USER_PATHS = NO;
				CLANG_CXX_LANGUAGE_STANDARD = "gnu++0x";
				CLANG_CXX_LIBRARY = "libc++";
				CLANG_ENABLE_MODULES = YES;
				CLANG_ENABLE_OBJC_ARC = YES;
				CLANG_WARN_BOOL_CONVERSION = YES;
				CLANG_WARN_CONSTANT_CONVERSION = YES;
				CLANG_WARN_DIRECT_OBJC_ISA_USAGE = YES_ERROR;
				CLANG_WARN_EMPTY_BODY = YES;
				CLANG_WARN_ENUM_CONVERSION = YES;
				CLANG_WARN_INT_CONVERSION = YES;
				CLANG_WARN_OBJC_ROOT_CLASS = YES_ERROR;
				CLANG_WARN_UNREACHABLE_CODE = YES;
				CLANG_WARN__DUPLICATE_METHOD_MATCH = YES;
				"CODE_SIGN_IDENTITY[sdk=iphoneos*]" = "iPhone Developer";
				COPY_PHASE_STRIP = NO;
				DEBUG_INFORMATION_FORMAT = "dwarf-with-dsym";
				ENABLE_NS_ASSERTIONS = NO;
				ENABLE_STRICT_OBJC_MSGSEND = YES;
				GCC_C_LANGUAGE_STANDARD = gnu99;
				GCC_NO_COMMON_BLOCKS = YES;
				GCC_WARN_64_TO_32_BIT_CONVERSION = YES;
				GCC_WARN_ABOUT_RETURN_TYPE = YES_ERROR;
				GCC_WARN_UNDECLARED_SELECTOR = YES;
				GCC_WARN_UNINITIALIZED_AUTOS = YES_AGGRESSIVE;
				GCC_WARN_UNUSED_FUNCTION = YES;
				GCC_WARN_UNUSED_VARIABLE = YES;
				IPHONEOS_DEPLOYMENT_TARGET = 8.4;
				MTL_ENABLE_DEBUG_INFO = NO;
				SDKROOT = iphoneos;
				VALIDATE_PRODUCT = YES;
			};
			name = Release;
		};
		3008E5691BB2864400A865FC /* Debug */ = {
			isa = XCBuildConfiguration;
			buildSettings = {
				ASSETCATALOG_COMPILER_APPICON_NAME = AppIcon;
				CODE_SIGN_IDENTITY = "iPhone Developer";
				"CODE_SIGN_IDENTITY[sdk=iphoneos*]" = "iPhone Developer";
				GCC_PRECOMPILE_PREFIX_HEADER = YES;
				GCC_PREFIX_HEADER = zhiHu2.0/Classes/Others/XSProject.pch;
				INFOPLIST_FILE = zhiHu2.0/Info.plist;
				IPHONEOS_DEPLOYMENT_TARGET = 7.0;
				LD_RUNPATH_SEARCH_PATHS = "$(inherited) @executable_path/Frameworks";
				PRODUCT_NAME = "$(TARGET_NAME)";
				PROVISIONING_PROFILE = "";
			};
			name = Debug;
		};
		3008E56A1BB2864400A865FC /* Release */ = {
			isa = XCBuildConfiguration;
			buildSettings = {
				ASSETCATALOG_COMPILER_APPICON_NAME = AppIcon;
				CODE_SIGN_IDENTITY = "iPhone Developer";
				"CODE_SIGN_IDENTITY[sdk=iphoneos*]" = "iPhone Developer";
				GCC_PRECOMPILE_PREFIX_HEADER = YES;
				GCC_PREFIX_HEADER = zhiHu2.0/Classes/Others/XSProject.pch;
				INFOPLIST_FILE = zhiHu2.0/Info.plist;
				IPHONEOS_DEPLOYMENT_TARGET = 7.0;
				LD_RUNPATH_SEARCH_PATHS = "$(inherited) @executable_path/Frameworks";
				PRODUCT_NAME = "$(TARGET_NAME)";
				PROVISIONING_PROFILE = "";
			};
			name = Release;
		};
		3008E56C1BB2864400A865FC /* Debug */ = {
			isa = XCBuildConfiguration;
			buildSettings = {
				BUNDLE_LOADER = "$(TEST_HOST)";
				FRAMEWORK_SEARCH_PATHS = (
					"$(SDKROOT)/Developer/Library/Frameworks",
					"$(inherited)",
				);
				GCC_PREPROCESSOR_DEFINITIONS = (
					"DEBUG=1",
					"$(inherited)",
				);
				INFOPLIST_FILE = zhiHu2.0Tests/Info.plist;
				LD_RUNPATH_SEARCH_PATHS = "$(inherited) @executable_path/Frameworks @loader_path/Frameworks";
				PRODUCT_NAME = "$(TARGET_NAME)";
				TEST_HOST = "$(BUILT_PRODUCTS_DIR)/zhiHu2.0.app/zhiHu2.0";
			};
			name = Debug;
		};
		3008E56D1BB2864400A865FC /* Release */ = {
			isa = XCBuildConfiguration;
			buildSettings = {
				BUNDLE_LOADER = "$(TEST_HOST)";
				FRAMEWORK_SEARCH_PATHS = (
					"$(SDKROOT)/Developer/Library/Frameworks",
					"$(inherited)",
				);
				INFOPLIST_FILE = zhiHu2.0Tests/Info.plist;
				LD_RUNPATH_SEARCH_PATHS = "$(inherited) @executable_path/Frameworks @loader_path/Frameworks";
				PRODUCT_NAME = "$(TARGET_NAME)";
				TEST_HOST = "$(BUILT_PRODUCTS_DIR)/zhiHu2.0.app/zhiHu2.0";
			};
			name = Release;
		};
/* End XCBuildConfiguration section */

/* Begin XCConfigurationList section */
		3008E5401BB2864300A865FC /* Build configuration list for PBXProject "zhiHu2.0" */ = {
			isa = XCConfigurationList;
			buildConfigurations = (
				3008E5661BB2864400A865FC /* Debug */,
				3008E5671BB2864400A865FC /* Release */,
			);
			defaultConfigurationIsVisible = 0;
			defaultConfigurationName = Release;
		};
		3008E5681BB2864400A865FC /* Build configuration list for PBXNativeTarget "zhiHu2.0" */ = {
			isa = XCConfigurationList;
			buildConfigurations = (
				3008E5691BB2864400A865FC /* Debug */,
				3008E56A1BB2864400A865FC /* Release */,
			);
			defaultConfigurationIsVisible = 0;
			defaultConfigurationName = Release;
		};
		3008E56B1BB2864400A865FC /* Build configuration list for PBXNativeTarget "zhiHu2.0Tests" */ = {
			isa = XCConfigurationList;
			buildConfigurations = (
				3008E56C1BB2864400A865FC /* Debug */,
				3008E56D1BB2864400A865FC /* Release */,
			);
			defaultConfigurationIsVisible = 0;
			defaultConfigurationName = Release;
		};
/* End XCConfigurationList section */
	};
	rootObject = 3008E53D1BB2864300A865FC /* Project object */;
}
